Microsoft Visual Studio Solution File, Format Version 12.00
# Visual Studio Version 17
VisualStudioVersion = 17.5.2.0
MinimumVisualStudioVersion = 10.0.40219.1
Project("{2150E333-8FDC-42A3-9474-1A3956D46DE8}") = "dotnet", "dotnet", "{71E6E750-85FD-B5BC-4321-E01377EC6231}"
EndProject
Project("{2150E333-8FDC-42A3-9474-1A3956D46DE8}") = "workflow-samples", "workflow-samples", "{E0FE114B-0F45-76CC-FCE7-3FA6D93A2D99}"
EndProject
Project("{2150E333-8FDC-42A3-9474-1A3956D46DE8}") = "src", "src", "{D90AB541-7400-80B1-A0B4-F58D0D439F55}"
EndProject
Project("{FAE04EC0-301F-11D3-BF4B-00C04F79EFBC}") = "Microsoft.Agents.AI", "dotnet\src\Microsoft.Agents.AI\Microsoft.Agents.AI.csproj", "{3A43503A-5291-D65D-C73A-4432E7C7A5FE}"
EndProject
Project("{FAE04EC0-301F-11D3-BF4B-00C04F79EFBC}") = "Microsoft.Agents.AI.A2A", "dotnet\src\Microsoft.Agents.AI.A2A\Microsoft.Agents.AI.A2A.csproj", "{2633C67F-88E7-2CB4-F0C5-20A7E94DA4DB}"
EndProject
Project("{FAE04EC0-301F-11D3-BF4B-00C04F79EFBC}") = "Microsoft.Agents.AI.Abstractions", "dotnet\src\Microsoft.Agents.AI.Abstractions\Microsoft.Agents.AI.Abstractions.csproj", "{E5F09C5E-7C21-4F6C-DF77-26DA21585996}"
EndProject
Project("{FAE04EC0-301F-11D3-BF4B-00C04F79EFBC}") = "Microsoft.Agents.AI.AGUI", "dotnet\src\Microsoft.Agents.AI.AGUI\Microsoft.Agents.AI.AGUI.csproj", "{912D1BB2-7E01-C62A-49B0-765465219349}"
EndProject
Project("{FAE04EC0-301F-11D3-BF4B-00C04F79EFBC}") = "Microsoft.Agents.AI.AzureAI.Persistent", "dotnet\src\Microsoft.Agents.AI.AzureAI.Persistent\Microsoft.Agents.AI.AzureAI.Persistent.csproj", "{98988150-DFDF-0255-A27E-F47BEEB8FB92}"
EndProject
Project("{FAE04EC0-301F-11D3-BF4B-00C04F79EFBC}") = "Microsoft.Agents.AI.CopilotStudio", "dotnet\src\Microsoft.Agents.AI.CopilotStudio\Microsoft.Agents.AI.CopilotStudio.csproj", "{4CE0371E-3784-6793-47E5-F1CB37A5EC4A}"
EndProject
Project("{FAE04EC0-301F-11D3-BF4B-00C04F79EFBC}") = "Microsoft.Agents.AI.DevUI", "dotnet\src\Microsoft.Agents.AI.DevUI\Microsoft.Agents.AI.DevUI.csproj", "{46F352FB-CBBC-2130-FB41-C6A3EC0D0832}"
EndProject
Project("{FAE04EC0-301F-11D3-BF4B-00C04F79EFBC}") = "Microsoft.Agents.AI.Hosting", "dotnet\src\Microsoft.Agents.AI.Hosting\Microsoft.Agents.AI.Hosting.csproj", "{376FBC07-9116-3068-2947-617DFB03FEBB}"
EndProject
Project("{FAE04EC0-301F-11D3-BF4B-00C04F79EFBC}") = "Microsoft.Agents.AI.Hosting.A2A", "dotnet\src\Microsoft.Agents.AI.Hosting.A2A\Microsoft.Agents.AI.Hosting.A2A.csproj", "{7206C8F8-3DF5-E3E7-7110-A11618CA979C}"
EndProject
Project("{FAE04EC0-301F-11D3-BF4B-00C04F79EFBC}") = "Microsoft.Agents.AI.Hosting.A2A.AspNetCore", "dotnet\src\Microsoft.Agents.AI.Hosting.A2A.AspNetCore\Microsoft.Agents.AI.Hosting.A2A.AspNetCore.csproj", "{69C1E3D5-DA1C-626A-1041-A99CF28A66CF}"
EndProject
Project("{FAE04EC0-301F-11D3-BF4B-00C04F79EFBC}") = "Microsoft.Agents.AI.Hosting.AGUI.AspNetCore", "dotnet\src\Microsoft.Agents.AI.Hosting.AGUI.AspNetCore\Microsoft.Agents.AI.Hosting.AGUI.AspNetCore.csproj", "{89341188-00C3-E08A-5AE3-066A03ADD830}"
EndProject
Project("{FAE04EC0-301F-11D3-BF4B-00C04F79EFBC}") = "Microsoft.Agents.AI.Hosting.OpenAI", "dotnet\src\Microsoft.Agents.AI.Hosting.OpenAI\Microsoft.Agents.AI.Hosting.OpenAI.csproj", "{7BEEF9EE-29EC-0BA7-6482-1A3AB74ED0DE}"
EndProject
Project("{FAE04EC0-301F-11D3-BF4B-00C04F79EFBC}") = "Microsoft.Agents.AI.Mem0", "dotnet\src\Microsoft.Agents.AI.Mem0\Microsoft.Agents.AI.Mem0.csproj", "{486DFC71-B9FE-3C4F-41C5-AEA4EB9AD651}"
EndProject
Project("{FAE04EC0-301F-11D3-BF4B-00C04F79EFBC}") = "Microsoft.Agents.AI.OpenAI", "dotnet\src\Microsoft.Agents.AI.OpenAI\Microsoft.Agents.AI.OpenAI.csproj", "{EAAACC58-B9CC-D142-4C1F-FF7493090A1E}"
EndProject
Project("{FAE04EC0-301F-11D3-BF4B-00C04F79EFBC}") = "Microsoft.Agents.AI.Workflows", "dotnet\src\Microsoft.Agents.AI.Workflows\Microsoft.Agents.AI.Workflows.csproj", "{A79751BD-1052-39F1-150C-827529DE25A0}"
EndProject
Project("{FAE04EC0-301F-11D3-BF4B-00C04F79EFBC}") = "Microsoft.Agents.AI.Workflows.Declarative", "dotnet\src\Microsoft.Agents.AI.Workflows.Declarative\Microsoft.Agents.AI.Workflows.Declarative.csproj", "{A3AC4B16-1F08-662D-5116-DD99A99DE680}"
EndProject
Project("{2150E333-8FDC-42A3-9474-1A3956D46DE8}") = "tests", "tests", "{13AACEBB-5F00-79C1-2D14-6EA8B5DDD1FE}"
EndProject
Project("{FAE04EC0-301F-11D3-BF4B-00C04F79EFBC}") = "AgentConformance.IntegrationTests", "dotnet\tests\AgentConformance.IntegrationTests\AgentConformance.IntegrationTests.csproj", "{F62020B0-89F2-71AE-D316-BA190C3721F4}"
EndProject
Project("{FAE04EC0-301F-11D3-BF4B-00C04F79EFBC}") = "AzureAIAgentsPersistent.IntegrationTests", "dotnet\tests\AzureAIAgentsPersistent.IntegrationTests\AzureAIAgentsPersistent.IntegrationTests.csproj", "{E4FAC97A-CAAC-EA32-4341-07CEF4D2E40E}"
EndProject
Project("{FAE04EC0-301F-11D3-BF4B-00C04F79EFBC}") = "CopilotStudio.IntegrationTests", "dotnet\tests\CopilotStudio.IntegrationTests\CopilotStudio.IntegrationTests.csproj", "{C27665DA-5BA6-9513-5432-2C48F14228B9}"
EndProject
Project("{FAE04EC0-301F-11D3-BF4B-00C04F79EFBC}") = "Microsoft.Agents.AI.A2A.UnitTests", "dotnet\tests\Microsoft.Agents.AI.A2A.UnitTests\Microsoft.Agents.AI.A2A.UnitTests.csproj", "{5DFE3B06-FB71-B4D8-B2F2-4D0D5452FE6A}"
EndProject
Project("{FAE04EC0-301F-11D3-BF4B-00C04F79EFBC}") = "Microsoft.Agents.AI.Abstractions.UnitTests", "dotnet\tests\Microsoft.Agents.AI.Abstractions.UnitTests\Microsoft.Agents.AI.Abstractions.UnitTests.csproj", "{F0A1F6F2-1CB4-B96E-AC34-6954DC92E85D}"
EndProject
Project("{FAE04EC0-301F-11D3-BF4B-00C04F79EFBC}") = "Microsoft.Agents.AI.AGUI.UnitTests", "dotnet\tests\Microsoft.Agents.AI.AGUI.UnitTests\Microsoft.Agents.AI.AGUI.UnitTests.csproj", "{A7AB7C3F-DA45-142D-6C5D-410B6C5E6BD1}"
EndProject
Project("{FAE04EC0-301F-11D3-BF4B-00C04F79EFBC}") = "Microsoft.Agents.AI.AzureAI.Persistent.UnitTests", "dotnet\tests\Microsoft.Agents.AI.AzureAI.Persistent.UnitTests\Microsoft.Agents.AI.AzureAI.Persistent.UnitTests.csproj", "{91189667-4CEB-58EA-FC77-E6197883887F}"
EndProject
Project("{FAE04EC0-301F-11D3-BF4B-00C04F79EFBC}") = "Microsoft.Agents.AI.Hosting.A2A.Tests", "dotnet\tests\Microsoft.Agents.AI.Hosting.A2A.Tests\Microsoft.Agents.AI.Hosting.A2A.Tests.csproj", "{85081247-9D06-0B55-708D-AFF883CD8890}"
EndProject
Project("{FAE04EC0-301F-11D3-BF4B-00C04F79EFBC}") = "Microsoft.Agents.AI.Hosting.AGUI.AspNetCore.IntegrationTests", "dotnet\tests\Microsoft.Agents.AI.Hosting.AGUI.AspNetCore.IntegrationTests\Microsoft.Agents.AI.Hosting.AGUI.AspNetCore.IntegrationTests.csproj", "{057F5566-F578-E1DD-E48B-B09FDAC37EDF}"
EndProject
Project("{FAE04EC0-301F-11D3-BF4B-00C04F79EFBC}") = "Microsoft.Agents.AI.Hosting.AGUI.AspNetCore.UnitTests", "dotnet\tests\Microsoft.Agents.AI.Hosting.AGUI.AspNetCore.UnitTests\Microsoft.Agents.AI.Hosting.AGUI.AspNetCore.UnitTests.csproj", "{5F008CBA-022A-A2FA-36E5-93FF5E08F8A1}"
EndProject
Project("{FAE04EC0-301F-11D3-BF4B-00C04F79EFBC}") = "Microsoft.Agents.AI.Hosting.OpenAI.UnitTests", "dotnet\tests\Microsoft.Agents.AI.Hosting.OpenAI.UnitTests\Microsoft.Agents.AI.Hosting.OpenAI.UnitTests.csproj", "{1790F4B2-5A54-D12A-06DF-A012EED99181}"
EndProject
Project("{FAE04EC0-301F-11D3-BF4B-00C04F79EFBC}") = "Microsoft.Agents.AI.Hosting.UnitTests", "dotnet\tests\Microsoft.Agents.AI.Hosting.UnitTests\Microsoft.Agents.AI.Hosting.UnitTests.csproj", "{A9B576CA-4463-14FB-8F52-01843A06C460}"
EndProject
Project("{FAE04EC0-301F-11D3-BF4B-00C04F79EFBC}") = "Microsoft.Agents.AI.Mem0.IntegrationTests", "dotnet\tests\Microsoft.Agents.AI.Mem0.IntegrationTests\Microsoft.Agents.AI.Mem0.IntegrationTests.csproj", "{0E06EE1B-2B48-A204-E47F-F9607E382A46}"
EndProject
Project("{FAE04EC0-301F-11D3-BF4B-00C04F79EFBC}") = "Microsoft.Agents.AI.Mem0.UnitTests", "dotnet\tests\Microsoft.Agents.AI.Mem0.UnitTests\Microsoft.Agents.AI.Mem0.UnitTests.csproj", "{8F735D87-6FC4-02D9-0568-3FAA1575DFF5}"
EndProject
Project("{FAE04EC0-301F-11D3-BF4B-00C04F79EFBC}") = "Microsoft.Agents.AI.OpenAI.UnitTests", "dotnet\tests\Microsoft.Agents.AI.OpenAI.UnitTests\Microsoft.Agents.AI.OpenAI.UnitTests.csproj", "{31F4A330-366D-BFDF-6031-EC816FE6311A}"
EndProject
Project("{FAE04EC0-301F-11D3-BF4B-00C04F79EFBC}") = "Microsoft.Agents.AI.UnitTests", "dotnet\tests\Microsoft.Agents.AI.UnitTests\Microsoft.Agents.AI.UnitTests.csproj", "{1E32A833-291C-DEAD-13D3-CC302D57559D}"
EndProject
Project("{FAE04EC0-301F-11D3-BF4B-00C04F79EFBC}") = "Microsoft.Agents.AI.Workflows.Declarative.IntegrationTests", "dotnet\tests\Microsoft.Agents.AI.Workflows.Declarative.IntegrationTests\Microsoft.Agents.AI.Workflows.Declarative.IntegrationTests.csproj", "{6E4E444D-16E5-DAD1-1104-0B68394DC769}"
EndProject
Project("{FAE04EC0-301F-11D3-BF4B-00C04F79EFBC}") = "Microsoft.Agents.AI.Workflows.Declarative.UnitTests", "dotnet\tests\Microsoft.Agents.AI.Workflows.Declarative.UnitTests\Microsoft.Agents.AI.Workflows.Declarative.UnitTests.csproj", "{7AFA87D6-9631-123E-E21A-39E82D86DBDF}"
EndProject
Project("{FAE04EC0-301F-11D3-BF4B-00C04F79EFBC}") = "Microsoft.Agents.AI.Workflows.UnitTests", "dotnet\tests\Microsoft.Agents.AI.Workflows.UnitTests\Microsoft.Agents.AI.Workflows.UnitTests.csproj", "{769BA60B-4334-5A6D-021F-E4A1FFD4BF8F}"
EndProject
Project("{FAE04EC0-301F-11D3-BF4B-00C04F79EFBC}") = "OpenAIAssistant.IntegrationTests", "dotnet\tests\OpenAIAssistant.IntegrationTests\OpenAIAssistant.IntegrationTests.csproj", "{365A399F-E059-7D2F-5E07-DE321A6D68E4}"
EndProject
Project("{FAE04EC0-301F-11D3-BF4B-00C04F79EFBC}") = "OpenAIChatCompletion.IntegrationTests", "dotnet\tests\OpenAIChatCompletion.IntegrationTests\OpenAIChatCompletion.IntegrationTests.csproj", "{6EA5B91C-51BD-2719-8FC0-A2CA2B365CDC}"
EndProject
Project("{FAE04EC0-301F-11D3-BF4B-00C04F79EFBC}") = "OpenAIResponse.IntegrationTests", "dotnet\tests\OpenAIResponse.IntegrationTests\OpenAIResponse.IntegrationTests.csproj", "{171949CD-7CD4-0D24-9F95-1B5D3D4EE87E}"
EndProject
Project("{2150E333-8FDC-42A3-9474-1A3956D46DE8}") = "setup", "setup", "{09507B95-9325-4B0B-76F5-C5D6E7DFC131}"
EndProject
Project("{FAE04EC0-301F-11D3-BF4B-00C04F79EFBC}") = "CreateAgents", "workflow-samples\setup\CreateAgents\CreateAgents.csproj", "{0FE3E21D-B3B7-699D-29EE-52E4E89289EA}"
EndProject
Project("{2150E333-8FDC-42A3-9474-1A3956D46DE8}") = "samples", "samples", "{D4940822-8CCD-A00D-B363-AA1F29BDEDF4}"
EndProject
Project("{2150E333-8FDC-42A3-9474-1A3956D46DE8}") = "A2AClientServer", "A2AClientServer", "{9679C583-0C3C-0632-0B2C-79FA1C5FF4AB}"
EndProject
Project("{FAE04EC0-301F-11D3-BF4B-00C04F79EFBC}") = "A2AClient", "dotnet\samples\A2AClientServer\A2AClient\A2AClient.csproj", "{7CB5494F-C003-F680-AA16-7CBFCE74FEA1}"
EndProject
Project("{FAE04EC0-301F-11D3-BF4B-00C04F79EFBC}") = "A2AServer", "dotnet\samples\A2AClientServer\A2AServer\A2AServer.csproj", "{2482D453-3A09-0F1E-BDD2-C131D7CCFB18}"
EndProject
Project("{2150E333-8FDC-42A3-9474-1A3956D46DE8}") = "AgentWebChat", "AgentWebChat", "{45989F30-23DA-CEFB-18CC-C42EEDB6C75A}"
EndProject
Project("{FAE04EC0-301F-11D3-BF4B-00C04F79EFBC}") = "AgentWebChat.AgentHost", "dotnet\samples\AgentWebChat\AgentWebChat.AgentHost\AgentWebChat.AgentHost.csproj", "{E72C79D5-2420-DC4C-A3F1-D914CF57C25B}"
EndProject
Project("{FAE04EC0-301F-11D3-BF4B-00C04F79EFBC}") = "AgentWebChat.AppHost", "dotnet\samples\AgentWebChat\AgentWebChat.AppHost\AgentWebChat.AppHost.csproj", "{6EA6E028-70C6-0211-9576-0D11A1C16A3C}"
EndProject
Project("{FAE04EC0-301F-11D3-BF4B-00C04F79EFBC}") = "AgentWebChat.ServiceDefaults", "dotnet\samples\AgentWebChat\AgentWebChat.ServiceDefaults\AgentWebChat.ServiceDefaults.csproj", "{DBB10233-5450-77B8-191D-C224A2466ACC}"
EndProject
Project("{FAE04EC0-301F-11D3-BF4B-00C04F79EFBC}") = "AgentWebChat.Web", "dotnet\samples\AgentWebChat\AgentWebChat.Web\AgentWebChat.Web.csproj", "{C9B13857-3857-DE4C-0277-421F9314A859}"
EndProject
Project("{2150E333-8FDC-42A3-9474-1A3956D46DE8}") = "AGUIClientServer", "AGUIClientServer", "{48E74E0B-2E22-7C05-EB79-C8B5A580816C}"
EndProject
Project("{FAE04EC0-301F-11D3-BF4B-00C04F79EFBC}") = "AGUIClient", "dotnet\samples\AGUIClientServer\AGUIClient\AGUIClient.csproj", "{0856F0E4-AA62-B053-7A46-AC3C009737B3}"
EndProject
Project("{FAE04EC0-301F-11D3-BF4B-00C04F79EFBC}") = "AGUIServer", "dotnet\samples\AGUIClientServer\AGUIServer\AGUIServer.csproj", "{3C2A6C1C-AF2A-32C4-AC9C-51F22061D419}"
EndProject
Project("{2150E333-8FDC-42A3-9474-1A3956D46DE8}") = "Catalog", "Catalog", "{5599C883-1F4C-CACB-6FC8-70CDF11C376F}"
EndProject
Project("{FAE04EC0-301F-11D3-BF4B-00C04F79EFBC}") = "AgentsInWorkflows", "dotnet\samples\Catalog\AgentsInWorkflows\AgentsInWorkflows.csproj", "{ED1227B9-A8A6-381C-6E04-3E37305146F8}"
EndProject
Project("{FAE04EC0-301F-11D3-BF4B-00C04F79EFBC}") = "AgentWithTextSearchRag", "dotnet\samples\Catalog\AgentWithTextSearchRag\AgentWithTextSearchRag.csproj", "{01206773-800B-5D70-4599-828BFCA70ECE}"
EndProject
Project("{FAE04EC0-301F-11D3-BF4B-00C04F79EFBC}") = "DeepResearchAgent", "dotnet\samples\Catalog\DeepResearchAgent\DeepResearchAgent.csproj", "{EA4EF2DD-D2D9-2BFE-5FA9-024A70F437A8}"
EndProject
Project("{2150E333-8FDC-42A3-9474-1A3956D46DE8}") = "GettingStarted", "GettingStarted", "{B397A14C-0933-EF3F-ECAC-7D2ECF7ECD45}"
EndProject
Project("{FAE04EC0-301F-11D3-BF4B-00C04F79EFBC}") = "AgentOpenTelemetry", "dotnet\samples\GettingStarted\AgentOpenTelemetry\AgentOpenTelemetry.csproj", "{D8D720EE-7532-1101-5638-B5C30C7CE003}"
EndProject
Project("{2150E333-8FDC-42A3-9474-1A3956D46DE8}") = "A2A", "A2A", "{EC238AE3-AFFB-AED8-C24B-DF5F8784F212}"
EndProject
Project("{FAE04EC0-301F-11D3-BF4B-00C04F79EFBC}") = "A2AAgent_AsFunctionTools", "dotnet\samples\GettingStarted\A2A\A2AAgent_AsFunctionTools\A2AAgent_AsFunctionTools.csproj", "{A1DE6EEF-F5BD-0ED2-988F-AFE4DA0165CD}"
EndProject
Project("{2150E333-8FDC-42A3-9474-1A3956D46DE8}") = "AgentProviders", "AgentProviders", "{F378DF89-611A-401B-16DC-F2DCF7657B06}"
EndProject
Project("{FAE04EC0-301F-11D3-BF4B-00C04F79EFBC}") = "Agent_With_A2A", "dotnet\samples\GettingStarted\AgentProviders\Agent_With_A2A\Agent_With_A2A.csproj", "{4DB1B534-B3EB-0349-517B-2F99C5CA1F47}"
EndProject
Project("{FAE04EC0-301F-11D3-BF4B-00C04F79EFBC}") = "Agent_With_AzureFoundryAgent", "dotnet\samples\GettingStarted\AgentProviders\Agent_With_AzureFoundryAgent\Agent_With_AzureFoundryAgent.csproj", "{C12A8FE4-4208-FAFA-BF18-0D39CCB89195}"
EndProject
Project("{FAE04EC0-301F-11D3-BF4B-00C04F79EFBC}") = "Agent_With_AzureFoundryModel", "dotnet\samples\GettingStarted\AgentProviders\Agent_With_AzureFoundryModel\Agent_With_AzureFoundryModel.csproj", "{46264388-CDD1-96F1-58BA-2F58F106345A}"
EndProject
Project("{FAE04EC0-301F-11D3-BF4B-00C04F79EFBC}") = "Agent_With_AzureOpenAIChatCompletion", "dotnet\samples\GettingStarted\AgentProviders\Agent_With_AzureOpenAIChatCompletion\Agent_With_AzureOpenAIChatCompletion.csproj", "{2F76358E-0361-6807-5E8B-AA502E301ABC}"
EndProject
Project("{FAE04EC0-301F-11D3-BF4B-00C04F79EFBC}") = "Agent_With_AzureOpenAIResponses", "dotnet\samples\GettingStarted\AgentProviders\Agent_With_AzureOpenAIResponses\Agent_With_AzureOpenAIResponses.csproj", "{9D212DC9-7AAE-F902-C394-804FC855802D}"
EndProject
Project("{FAE04EC0-301F-11D3-BF4B-00C04F79EFBC}") = "Agent_With_CustomImplementation", "dotnet\samples\GettingStarted\AgentProviders\Agent_With_CustomImplementation\Agent_With_CustomImplementation.csproj", "{94E7BCC7-4EB0-D9AF-9F88-6A75A51FD46E}"
EndProject
Project("{FAE04EC0-301F-11D3-BF4B-00C04F79EFBC}") = "Agent_With_Ollama", "dotnet\samples\GettingStarted\AgentProviders\Agent_With_Ollama\Agent_With_Ollama.csproj", "{7D0501E2-3A81-4E37-DF19-206E2B028247}"
EndProject
Project("{FAE04EC0-301F-11D3-BF4B-00C04F79EFBC}") = "Agent_With_ONNX", "dotnet\samples\GettingStarted\AgentProviders\Agent_With_ONNX\Agent_With_ONNX.csproj", "{65AC27F7-F225-8E18-7492-59A326F508C1}"
EndProject
Project("{FAE04EC0-301F-11D3-BF4B-00C04F79EFBC}") = "Agent_With_OpenAIAssistants", "dotnet\samples\GettingStarted\AgentProviders\Agent_With_OpenAIAssistants\Agent_With_OpenAIAssistants.csproj", "{3668682F-B246-F9DB-D7F9-E9A1AF05D2E6}"
EndProject
Project("{FAE04EC0-301F-11D3-BF4B-00C04F79EFBC}") = "Agent_With_OpenAIChatCompletion", "dotnet\samples\GettingStarted\AgentProviders\Agent_With_OpenAIChatCompletion\Agent_With_OpenAIChatCompletion.csproj", "{A97DD9B8-444E-CF74-EFB1-DE5DABFBE748}"
EndProject
Project("{FAE04EC0-301F-11D3-BF4B-00C04F79EFBC}") = "Agent_With_OpenAIResponses", "dotnet\samples\GettingStarted\AgentProviders\Agent_With_OpenAIResponses\Agent_With_OpenAIResponses.csproj", "{1F5D954A-0A1F-51D8-94ED-7094D4366430}"
EndProject
Project("{2150E333-8FDC-42A3-9474-1A3956D46DE8}") = "Agents", "Agents", "{1FA0D591-1027-F942-987F-1ACB463EE64D}"
EndProject
Project("{FAE04EC0-301F-11D3-BF4B-00C04F79EFBC}") = "Agent_Step01_Running", "dotnet\samples\GettingStarted\Agents\Agent_Step01_Running\Agent_Step01_Running.csproj", "{46812382-B45A-FC72-1505-1D1F816E4491}"
EndProject
Project("{FAE04EC0-301F-11D3-BF4B-00C04F79EFBC}") = "Agent_Step02_MultiturnConversation", "dotnet\samples\GettingStarted\Agents\Agent_Step02_MultiturnConversation\Agent_Step02_MultiturnConversation.csproj", "{556C244A-9A6E-A0EB-CD2D-B08143A2A47F}"
EndProject
Project("{FAE04EC0-301F-11D3-BF4B-00C04F79EFBC}") = "Agent_Step03.1_UsingFunctionTools", "dotnet\samples\GettingStarted\Agents\Agent_Step03.1_UsingFunctionTools\Agent_Step03.1_UsingFunctionTools.csproj", "{144B0794-7715-D599-2A44-AD3F9607FF45}"
EndProject
Project("{FAE04EC0-301F-11D3-BF4B-00C04F79EFBC}") = "Agent_Step03.2_UsingFunctionTools_FromOpenAPI", "dotnet\samples\GettingStarted\Agents\Agent_Step03.2_UsingFunctionTools_FromOpenAPI\Agent_Step03.2_UsingFunctionTools_FromOpenAPI.csproj", "{F6B2DF57-23BB-E939-F775-484FC1896D6A}"
EndProject
Project("{FAE04EC0-301F-11D3-BF4B-00C04F79EFBC}") = "Agent_Step04_UsingFunctionToolsWithApprovals", "dotnet\samples\GettingStarted\Agents\Agent_Step04_UsingFunctionToolsWithApprovals\Agent_Step04_UsingFunctionToolsWithApprovals.csproj", "{8133E651-62A4-7245-2CE8-A2A13A0FCDAC}"
EndProject
Project("{FAE04EC0-301F-11D3-BF4B-00C04F79EFBC}") = "Agent_Step05_StructuredOutput", "dotnet\samples\GettingStarted\Agents\Agent_Step05_StructuredOutput\Agent_Step05_StructuredOutput.csproj", "{67DB050B-0EC3-6168-AAC3-9CE51B354942}"
EndProject
Project("{FAE04EC0-301F-11D3-BF4B-00C04F79EFBC}") = "Agent_Step06_PersistedConversations", "dotnet\samples\GettingStarted\Agents\Agent_Step06_PersistedConversations\Agent_Step06_PersistedConversations.csproj", "{4660940D-002A-E290-B48E-C3D6094524EB}"
EndProject
Project("{FAE04EC0-301F-11D3-BF4B-00C04F79EFBC}") = "Agent_Step07_3rdPartyThreadStorage", "dotnet\samples\GettingStarted\Agents\Agent_Step07_3rdPartyThreadStorage\Agent_Step07_3rdPartyThreadStorage.csproj", "{B26093D1-F861-4847-DD1D-2A6F5360F642}"
EndProject
Project("{FAE04EC0-301F-11D3-BF4B-00C04F79EFBC}") = "Agent_Step08_Observability", "dotnet\samples\GettingStarted\Agents\Agent_Step08_Observability\Agent_Step08_Observability.csproj", "{E294CD73-1492-DFCD-0210-F3CEA9875C0C}"
EndProject
Project("{FAE04EC0-301F-11D3-BF4B-00C04F79EFBC}") = "Agent_Step09_DependencyInjection", "dotnet\samples\GettingStarted\Agents\Agent_Step09_DependencyInjection\Agent_Step09_DependencyInjection.csproj", "{0F37EDD0-E5C2-3F94-0E85-F4B8DFE4FBB1}"
EndProject
Project("{FAE04EC0-301F-11D3-BF4B-00C04F79EFBC}") = "Agent_Step10_AsMcpTool", "dotnet\samples\GettingStarted\Agents\Agent_Step10_AsMcpTool\Agent_Step10_AsMcpTool.csproj", "{17F31842-8E0A-20EE-4D89-13B4815CC5B2}"
EndProject
Project("{FAE04EC0-301F-11D3-BF4B-00C04F79EFBC}") = "Agent_Step11_UsingImages", "dotnet\samples\GettingStarted\Agents\Agent_Step11_UsingImages\Agent_Step11_UsingImages.csproj", "{BD164D2C-0A31-53D4-F68B-052E0C23DE13}"
EndProject
Project("{FAE04EC0-301F-11D3-BF4B-00C04F79EFBC}") = "Agent_Step12_AsFunctionTool", "dotnet\samples\GettingStarted\Agents\Agent_Step12_AsFunctionTool\Agent_Step12_AsFunctionTool.csproj", "{D3EAD577-B1B2-8C77-31DE-31E4A788472E}"
EndProject
Project("{FAE04EC0-301F-11D3-BF4B-00C04F79EFBC}") = "Agent_Step13_Memory", "dotnet\samples\GettingStarted\Agents\Agent_Step13_Memory\Agent_Step13_Memory.csproj", "{A18BBC4C-A2B2-ADDF-79B3-3AE81D932422}"
EndProject
Project("{FAE04EC0-301F-11D3-BF4B-00C04F79EFBC}") = "Agent_Step14_Middleware", "dotnet\samples\GettingStarted\Agents\Agent_Step14_Middleware\Agent_Step14_Middleware.csproj", "{27F6921C-2B7B-03F6-B65F-C3175FB9B8B2}"
EndProject
Project("{FAE04EC0-301F-11D3-BF4B-00C04F79EFBC}") = "Agent_Step15_Plugins", "dotnet\samples\GettingStarted\Agents\Agent_Step15_Plugins\Agent_Step15_Plugins.csproj", "{B9296F18-A683-3F34-BC0F-D0CA52EE72E5}"
EndProject
Project("{FAE04EC0-301F-11D3-BF4B-00C04F79EFBC}") = "Agent_Step16_ChatReduction", "dotnet\samples\GettingStarted\Agents\Agent_Step16_ChatReduction\Agent_Step16_ChatReduction.csproj", "{D107B287-B9E0-BE67-A862-67DC60C9337D}"
EndProject
Project("{FAE04EC0-301F-11D3-BF4B-00C04F79EFBC}") = "Agent_Step17_BackgroundResponses", "dotnet\samples\GettingStarted\Agents\Agent_Step17_BackgroundResponses\Agent_Step17_BackgroundResponses.csproj", "{28FE50B3-2F6B-DE68-4DDC-E1B22EC5CD22}"
EndProject
Project("{FAE04EC0-301F-11D3-BF4B-00C04F79EFBC}") = "Agent_Step18_TextSearchRag", "dotnet\samples\GettingStarted\Agents\Agent_Step18_TextSearchRag\Agent_Step18_TextSearchRag.csproj", "{92C25E9D-FC52-7D55-341F-145E7BC96B2C}"
EndProject
Project("{FAE04EC0-301F-11D3-BF4B-00C04F79EFBC}") = "Agent_Step19_Mem0Provider", "dotnet\samples\GettingStarted\Agents\Agent_Step19_Mem0Provider\Agent_Step19_Mem0Provider.csproj", "{AE301C1A-9A0A-F412-016D-472577CF989A}"
EndProject
Project("{FAE04EC0-301F-11D3-BF4B-00C04F79EFBC}") = "Agent_Step20_BackgroundResponsesWithToolsAndPersistence", "dotnet\samples\GettingStarted\Agents\Agent_Step20_BackgroundResponsesWithToolsAndPersistence\Agent_Step20_BackgroundResponsesWithToolsAndPersistence.csproj", "{A2BED2A5-635F-E711-B7A6-135FF7A15321}"
EndProject
Project("{FAE04EC0-301F-11D3-BF4B-00C04F79EFBC}") = "Agent_Step21_ChatHistoryMemoryProvider", "dotnet\samples\GettingStarted\Agents\Agent_Step21_ChatHistoryMemoryProvider\Agent_Step21_ChatHistoryMemoryProvider.csproj", "{4ADB6CDD-3A5F-5792-07D4-0AE0206E2669}"
EndProject
Project("{2150E333-8FDC-42A3-9474-1A3956D46DE8}") = "AgentWithOpenAI", "AgentWithOpenAI", "{1890FE41-678A-692D-6C5C-C62C26CD8646}"
EndProject
Project("{FAE04EC0-301F-11D3-BF4B-00C04F79EFBC}") = "Agent_OpenAI_Step01_Running", "dotnet\samples\GettingStarted\AgentWithOpenAI\Agent_OpenAI_Step01_Running\Agent_OpenAI_Step01_Running.csproj", "{1E812049-9F52-7900-25CB-10E9124E9C01}"
EndProject
Project("{FAE04EC0-301F-11D3-BF4B-00C04F79EFBC}") = "Agent_OpenAI_Step02_Reasoning", "dotnet\samples\GettingStarted\AgentWithOpenAI\Agent_OpenAI_Step02_Reasoning\Agent_OpenAI_Step02_Reasoning.csproj", "{16EB5B77-2C98-554F-B872-AA789A919E12}"
EndProject
Project("{2150E333-8FDC-42A3-9474-1A3956D46DE8}") = "AgentWithRAG", "AgentWithRAG", "{0A524A58-C027-392E-E567-4FC0FFA1C0BD}"
EndProject
Project("{FAE04EC0-301F-11D3-BF4B-00C04F79EFBC}") = "AgentWithRAG_Step01_BasicTextRAG", "dotnet\samples\GettingStarted\AgentWithRAG\AgentWithRAG_Step01_BasicTextRAG\AgentWithRAG_Step01_BasicTextRAG.csproj", "{7BB78C59-ABCB-722A-851B-712C9635C479}"
EndProject
Project("{FAE04EC0-301F-11D3-BF4B-00C04F79EFBC}") = "AgentWithRAG_Step02_ExternalDataSourceRAG", "dotnet\samples\GettingStarted\AgentWithRAG\AgentWithRAG_Step02_ExternalDataSourceRAG\AgentWithRAG_Step02_ExternalDataSourceRAG.csproj", "{01A6CD38-2086-AF16-C32A-C62C800E979B}"
EndProject
Project("{2150E333-8FDC-42A3-9474-1A3956D46DE8}") = "DevUI", "DevUI", "{DFFE03D8-40F3-600B-55D3-EF1AECBFC3AF}"
EndProject
Project("{FAE04EC0-301F-11D3-BF4B-00C04F79EFBC}") = "DevUI_Step01_BasicUsage", "dotnet\samples\GettingStarted\DevUI\DevUI_Step01_BasicUsage\DevUI_Step01_BasicUsage.csproj", "{33390F2A-CDFF-A211-3B76-CB20C4787DE1}"
EndProject
Project("{2150E333-8FDC-42A3-9474-1A3956D46DE8}") = "ModelContextProtocol", "ModelContextProtocol", "{04559A9A-AB18-46A2-B98A-69DD8D95D0A9}"
EndProject
Project("{FAE04EC0-301F-11D3-BF4B-00C04F79EFBC}") = "Agent_MCP_Server", "dotnet\samples\GettingStarted\ModelContextProtocol\Agent_MCP_Server\Agent_MCP_Server.csproj", "{BE52BCA8-2CD8-EAFA-F851-16CC95AC2210}"
EndProject
Project("{FAE04EC0-301F-11D3-BF4B-00C04F79EFBC}") = "Agent_MCP_Server_Auth", "dotnet\samples\GettingStarted\ModelContextProtocol\Agent_MCP_Server_Auth\Agent_MCP_Server_Auth.csproj", "{A0911DEC-7497-320D-C2E8-665B28B5D359}"
EndProject
Project("{FAE04EC0-301F-11D3-BF4B-00C04F79EFBC}") = "FoundryAgent_Hosted_MCP", "dotnet\samples\GettingStarted\ModelContextProtocol\FoundryAgent_Hosted_MCP\FoundryAgent_Hosted_MCP.csproj", "{DBC1A443-9A50-B48F-ABCD-8415F6656C5F}"
EndProject
Project("{FAE04EC0-301F-11D3-BF4B-00C04F79EFBC}") = "ResponseAgent_Hosted_MCP", "dotnet\samples\GettingStarted\ModelContextProtocol\ResponseAgent_Hosted_MCP\ResponseAgent_Hosted_MCP.csproj", "{084500CE-CCC2-C721-A4B5-E736DDDEA96C}"
EndProject
Project("{2150E333-8FDC-42A3-9474-1A3956D46DE8}") = "Workflows", "Workflows", "{3D958113-ACF5-5EAA-B1AC-8DF143B01C0F}"
EndProject
Project("{FAE04EC0-301F-11D3-BF4B-00C04F79EFBC}") = "Loop", "dotnet\samples\GettingStarted\Workflows\Loop\Loop.csproj", "{E1960A30-9256-FEFF-209A-3E459FE4E3B8}"
EndProject
Project("{FAE04EC0-301F-11D3-BF4B-00C04F79EFBC}") = "SharedStates", "dotnet\samples\GettingStarted\Workflows\SharedStates\SharedStates.csproj", "{814A60A4-5B4C-D365-05E4-ED444E355953}"
EndProject
Project("{FAE04EC0-301F-11D3-BF4B-00C04F79EFBC}") = "Visualization", "dotnet\samples\GettingStarted\Workflows\Visualization\Visualization.csproj", "{83C1ABC9-C985-7DA6-B164-E676EC58E5AC}"
EndProject
Project("{2150E333-8FDC-42A3-9474-1A3956D46DE8}") = "Agents", "Agents", "{7A453536-A6B3-C484-629F-6657FAD98DDE}"
EndProject
Project("{FAE04EC0-301F-11D3-BF4B-00C04F79EFBC}") = "CustomAgentExecutors", "dotnet\samples\GettingStarted\Workflows\Agents\CustomAgentExecutors\CustomAgentExecutors.csproj", "{F9C4674C-BDBC-B099-92FB-87565766F9E4}"
EndProject
Project("{FAE04EC0-301F-11D3-BF4B-00C04F79EFBC}") = "FoundryAgent", "dotnet\samples\GettingStarted\Workflows\Agents\FoundryAgent\FoundryAgent.csproj", "{6BD09A25-4994-8BC6-4ABF-77B6C8559272}"
EndProject
Project("{FAE04EC0-301F-11D3-BF4B-00C04F79EFBC}") = "WorkflowAsAnAgent", "dotnet\samples\GettingStarted\Workflows\Agents\WorkflowAsAnAgent\WorkflowAsAnAgent.csproj", "{1F5E6793-F3D9-81F8-F465-1122428AAAB7}"
EndProject
Project("{2150E333-8FDC-42A3-9474-1A3956D46DE8}") = "Checkpoint", "Checkpoint", "{8117403C-FBEC-8672-FD59-11BC23D3BD19}"
EndProject
Project("{FAE04EC0-301F-11D3-BF4B-00C04F79EFBC}") = "CheckpointAndRehydrate", "dotnet\samples\GettingStarted\Workflows\Checkpoint\CheckpointAndRehydrate\CheckpointAndRehydrate.csproj", "{46960FB9-8709-0AE0-C01D-75D5B4BA84B5}"
EndProject
Project("{FAE04EC0-301F-11D3-BF4B-00C04F79EFBC}") = "CheckpointAndResume", "dotnet\samples\GettingStarted\Workflows\Checkpoint\CheckpointAndResume\CheckpointAndResume.csproj", "{4D7E4C74-8B98-C728-E11C-2035CCF31A7F}"
EndProject
Project("{FAE04EC0-301F-11D3-BF4B-00C04F79EFBC}") = "CheckpointWithHumanInTheLoop", "dotnet\samples\GettingStarted\Workflows\Checkpoint\CheckpointWithHumanInTheLoop\CheckpointWithHumanInTheLoop.csproj", "{9D4A259D-1FED-5DBB-6921-267EFCA1D422}"
EndProject
Project("{2150E333-8FDC-42A3-9474-1A3956D46DE8}") = "Concurrent", "Concurrent", "{6C74F5E9-0FE9-52AA-4D21-225024AF4D78}"
EndProject
Project("{FAE04EC0-301F-11D3-BF4B-00C04F79EFBC}") = "Concurrent", "dotnet\samples\GettingStarted\Workflows\Concurrent\Concurrent\Concurrent.csproj", "{E1443C66-38F9-5D80-FA9C-9448FEE205CA}"
EndProject
Project("{FAE04EC0-301F-11D3-BF4B-00C04F79EFBC}") = "MapReduce", "dotnet\samples\GettingStarted\Workflows\Concurrent\MapReduce\MapReduce.csproj", "{255121A8-E2CA-AD80-2DC2-8837CC065CB2}"
EndProject
Project("{2150E333-8FDC-42A3-9474-1A3956D46DE8}") = "ConditionalEdges", "ConditionalEdges", "{D0C99B7A-BFD7-6314-D5DF-0B864EE8E333}"
EndProject
Project("{FAE04EC0-301F-11D3-BF4B-00C04F79EFBC}") = "01_EdgeCondition", "dotnet\samples\GettingStarted\Workflows\ConditionalEdges\01_EdgeCondition\01_EdgeCondition.csproj", "{62AB85FD-A87C-1659-3AAB-51E3F0536FD3}"
EndProject
Project("{FAE04EC0-301F-11D3-BF4B-00C04F79EFBC}") = "02_SwitchCase", "dotnet\samples\GettingStarted\Workflows\ConditionalEdges\02_SwitchCase\02_SwitchCase.csproj", "{F93DB3B8-EBF0-7396-15BA-16CA2BBA763A}"
EndProject
Project("{FAE04EC0-301F-11D3-BF4B-00C04F79EFBC}") = "03_MultiSelection", "dotnet\samples\GettingStarted\Workflows\ConditionalEdges\03_MultiSelection\03_MultiSelection.csproj", "{C929C970-1FC0-77A8-3174-9F00A1EA69BE}"
EndProject
Project("{2150E333-8FDC-42A3-9474-1A3956D46DE8}") = "Declarative", "Declarative", "{52B1B263-7554-4AF3-0559-D56CA6ED86F9}"
EndProject
Project("{FAE04EC0-301F-11D3-BF4B-00C04F79EFBC}") = "ExecuteCode", "dotnet\samples\GettingStarted\Workflows\Declarative\ExecuteCode\ExecuteCode.csproj", "{58219256-13EB-5AAE-1108-480B3DC1CF65}"
EndProject
Project("{FAE04EC0-301F-11D3-BF4B-00C04F79EFBC}") = "ExecuteWorkflow", "dotnet\samples\GettingStarted\Workflows\Declarative\ExecuteWorkflow\ExecuteWorkflow.csproj", "{D1253054-10F2-6415-5F50-A7DA4C4D7964}"
EndProject
Project("{FAE04EC0-301F-11D3-BF4B-00C04F79EFBC}") = "GenerateCode", "dotnet\samples\GettingStarted\Workflows\Declarative\GenerateCode\GenerateCode.csproj", "{742863FA-E7E8-C4CD-DBBD-76B7C80B953B}"
EndProject
Project("{2150E333-8FDC-42A3-9474-1A3956D46DE8}") = "HumanInTheLoop", "HumanInTheLoop", "{C6BCF41E-BC56-B1BD-1F45-9715E7EFF280}"
EndProject
Project("{FAE04EC0-301F-11D3-BF4B-00C04F79EFBC}") = "HumanInTheLoopBasic", "dotnet\samples\GettingStarted\Workflows\HumanInTheLoop\HumanInTheLoopBasic\HumanInTheLoopBasic.csproj", "{D3E8DEC9-AFAF-00BA-70D0-1AE81F6CEB8C}"
EndProject
Project("{2150E333-8FDC-42A3-9474-1A3956D46DE8}") = "Observability", "Observability", "{42FE4652-09BF-9F02-C2A7-D2092219B5F1}"
EndProject
Project("{FAE04EC0-301F-11D3-BF4B-00C04F79EFBC}") = "ApplicationInsights", "dotnet\samples\GettingStarted\Workflows\Observability\ApplicationInsights\ApplicationInsights.csproj", "{28A639FE-A80B-EB78-33F5-6E24B458F240}"
EndProject
Project("{FAE04EC0-301F-11D3-BF4B-00C04F79EFBC}") = "AspireDashboard", "dotnet\samples\GettingStarted\Workflows\Observability\AspireDashboard\AspireDashboard.csproj", "{1D73E3AF-2185-D678-2F3A-53BC1F5CA3A5}"
EndProject
Project("{FAE04EC0-301F-11D3-BF4B-00C04F79EFBC}") = "WorkflowAsAnAgentObservability", "dotnet\samples\GettingStarted\Workflows\Observability\WorkflowAsAnAgent\WorkflowAsAnAgentObservability.csproj", "{7FB6A942-4DAA-AAE2-8BBB-0D687D4A82D7}"
EndProject
Project("{2150E333-8FDC-42A3-9474-1A3956D46DE8}") = "_Foundational", "_Foundational", "{D97C8803-BBCE-C19C-7540-3E603A98D08D}"
EndProject
Project("{FAE04EC0-301F-11D3-BF4B-00C04F79EFBC}") = "01_ExecutorsAndEdges", "dotnet\samples\GettingStarted\Workflows\_Foundational\01_ExecutorsAndEdges\01_ExecutorsAndEdges.csproj", "{61193623-4DE6-8C16-100B-F0961FD63C29}"
EndProject
Project("{FAE04EC0-301F-11D3-BF4B-00C04F79EFBC}") = "02_Streaming", "dotnet\samples\GettingStarted\Workflows\_Foundational\02_Streaming\02_Streaming.csproj", "{E911FA80-CE77-6D79-D965-F039B6A384C5}"
EndProject
Project("{FAE04EC0-301F-11D3-BF4B-00C04F79EFBC}") = "03_AgentsInWorkflows", "dotnet\samples\GettingStarted\Workflows\_Foundational\03_AgentsInWorkflows\03_AgentsInWorkflows.csproj", "{3C9FCFA9-A547-1F44-C054-0A6FF412339B}"
EndProject
Project("{FAE04EC0-301F-11D3-BF4B-00C04F79EFBC}") = "04_AgentWorkflowPatterns", "dotnet\samples\GettingStarted\Workflows\_Foundational\04_AgentWorkflowPatterns\04_AgentWorkflowPatterns.csproj", "{D9F1652C-F315-569D-5133-FF7FD7974DE2}"
EndProject
Project("{FAE04EC0-301F-11D3-BF4B-00C04F79EFBC}") = "05_MultiModelService", "dotnet\samples\GettingStarted\Workflows\_Foundational\05_MultiModelService\05_MultiModelService.csproj", "{36B868ED-87D2-48C7-3F38-31FE40F8327E}"
EndProject
Project("{FAE04EC0-301F-11D3-BF4B-00C04F79EFBC}") = "06_SubWorkflows", "dotnet\samples\GettingStarted\Workflows\_Foundational\06_SubWorkflows\06_SubWorkflows.csproj", "{BE55E71D-E7C3-9B1E-296E-2D690B49FCF8}"
EndProject
Project("{FAE04EC0-301F-11D3-BF4B-00C04F79EFBC}") = "07_MixedWorkflowAgentsAndExecutors", "dotnet\samples\GettingStarted\Workflows\_Foundational\07_MixedWorkflowAgentsAndExecutors\07_MixedWorkflowAgentsAndExecutors.csproj", "{6EDC27D8-E96E-BA3E-A20F-7EB9F92AC97F}"
EndProject
Project("{FAE04EC0-301F-11D3-BF4B-00C04F79EFBC}") = "08_WriterCriticWorkflow", "dotnet\samples\GettingStarted\Workflows\_Foundational\08_WriterCriticWorkflow\08_WriterCriticWorkflow.csproj", "{AF0B2E7D-37CC-41D8-B0DF-2BB83D4DB698}"
EndProject
Global
	GlobalSection(SolutionConfigurationPlatforms) = preSolution
		Debug|Any CPU = Debug|Any CPU
		Release|Any CPU = Release|Any CPU
	EndGlobalSection
	GlobalSection(ProjectConfigurationPlatforms) = postSolution
		{3A43503A-5291-D65D-C73A-4432E7C7A5FE}.Debug|Any CPU.ActiveCfg = Debug|Any CPU
		{3A43503A-5291-D65D-C73A-4432E7C7A5FE}.Debug|Any CPU.Build.0 = Debug|Any CPU
		{3A43503A-5291-D65D-C73A-4432E7C7A5FE}.Release|Any CPU.ActiveCfg = Release|Any CPU
		{3A43503A-5291-D65D-C73A-4432E7C7A5FE}.Release|Any CPU.Build.0 = Release|Any CPU
		{2633C67F-88E7-2CB4-F0C5-20A7E94DA4DB}.Debug|Any CPU.ActiveCfg = Debug|Any CPU
		{2633C67F-88E7-2CB4-F0C5-20A7E94DA4DB}.Debug|Any CPU.Build.0 = Debug|Any CPU
		{2633C67F-88E7-2CB4-F0C5-20A7E94DA4DB}.Release|Any CPU.ActiveCfg = Release|Any CPU
		{2633C67F-88E7-2CB4-F0C5-20A7E94DA4DB}.Release|Any CPU.Build.0 = Release|Any CPU
		{E5F09C5E-7C21-4F6C-DF77-26DA21585996}.Debug|Any CPU.ActiveCfg = Debug|Any CPU
		{E5F09C5E-7C21-4F6C-DF77-26DA21585996}.Debug|Any CPU.Build.0 = Debug|Any CPU
		{E5F09C5E-7C21-4F6C-DF77-26DA21585996}.Release|Any CPU.ActiveCfg = Release|Any CPU
		{E5F09C5E-7C21-4F6C-DF77-26DA21585996}.Release|Any CPU.Build.0 = Release|Any CPU
		{912D1BB2-7E01-C62A-49B0-765465219349}.Debug|Any CPU.ActiveCfg = Debug|Any CPU
		{912D1BB2-7E01-C62A-49B0-765465219349}.Debug|Any CPU.Build.0 = Debug|Any CPU
		{912D1BB2-7E01-C62A-49B0-765465219349}.Release|Any CPU.ActiveCfg = Release|Any CPU
		{912D1BB2-7E01-C62A-49B0-765465219349}.Release|Any CPU.Build.0 = Release|Any CPU
		{98988150-DFDF-0255-A27E-F47BEEB8FB92}.Debug|Any CPU.ActiveCfg = Debug|Any CPU
		{98988150-DFDF-0255-A27E-F47BEEB8FB92}.Debug|Any CPU.Build.0 = Debug|Any CPU
		{98988150-DFDF-0255-A27E-F47BEEB8FB92}.Release|Any CPU.ActiveCfg = Release|Any CPU
		{98988150-DFDF-0255-A27E-F47BEEB8FB92}.Release|Any CPU.Build.0 = Release|Any CPU
		{4CE0371E-3784-6793-47E5-F1CB37A5EC4A}.Debug|Any CPU.ActiveCfg = Debug|Any CPU
		{4CE0371E-3784-6793-47E5-F1CB37A5EC4A}.Debug|Any CPU.Build.0 = Debug|Any CPU
		{4CE0371E-3784-6793-47E5-F1CB37A5EC4A}.Release|Any CPU.ActiveCfg = Release|Any CPU
		{4CE0371E-3784-6793-47E5-F1CB37A5EC4A}.Release|Any CPU.Build.0 = Release|Any CPU
		{46F352FB-CBBC-2130-FB41-C6A3EC0D0832}.Debug|Any CPU.ActiveCfg = Debug|Any CPU
		{46F352FB-CBBC-2130-FB41-C6A3EC0D0832}.Debug|Any CPU.Build.0 = Debug|Any CPU
		{46F352FB-CBBC-2130-FB41-C6A3EC0D0832}.Release|Any CPU.ActiveCfg = Release|Any CPU
		{46F352FB-CBBC-2130-FB41-C6A3EC0D0832}.Release|Any CPU.Build.0 = Release|Any CPU
		{376FBC07-9116-3068-2947-617DFB03FEBB}.Debug|Any CPU.ActiveCfg = Debug|Any CPU
		{376FBC07-9116-3068-2947-617DFB03FEBB}.Debug|Any CPU.Build.0 = Debug|Any CPU
		{376FBC07-9116-3068-2947-617DFB03FEBB}.Release|Any CPU.ActiveCfg = Release|Any CPU
		{376FBC07-9116-3068-2947-617DFB03FEBB}.Release|Any CPU.Build.0 = Release|Any CPU
		{7206C8F8-3DF5-E3E7-7110-A11618CA979C}.Debug|Any CPU.ActiveCfg = Debug|Any CPU
		{7206C8F8-3DF5-E3E7-7110-A11618CA979C}.Debug|Any CPU.Build.0 = Debug|Any CPU
		{7206C8F8-3DF5-E3E7-7110-A11618CA979C}.Release|Any CPU.ActiveCfg = Release|Any CPU
		{7206C8F8-3DF5-E3E7-7110-A11618CA979C}.Release|Any CPU.Build.0 = Release|Any CPU
		{69C1E3D5-DA1C-626A-1041-A99CF28A66CF}.Debug|Any CPU.ActiveCfg = Debug|Any CPU
		{69C1E3D5-DA1C-626A-1041-A99CF28A66CF}.Debug|Any CPU.Build.0 = Debug|Any CPU
		{69C1E3D5-DA1C-626A-1041-A99CF28A66CF}.Release|Any CPU.ActiveCfg = Release|Any CPU
		{69C1E3D5-DA1C-626A-1041-A99CF28A66CF}.Release|Any CPU.Build.0 = Release|Any CPU
		{89341188-00C3-E08A-5AE3-066A03ADD830}.Debug|Any CPU.ActiveCfg = Debug|Any CPU
		{89341188-00C3-E08A-5AE3-066A03ADD830}.Debug|Any CPU.Build.0 = Debug|Any CPU
		{89341188-00C3-E08A-5AE3-066A03ADD830}.Release|Any CPU.ActiveCfg = Release|Any CPU
		{89341188-00C3-E08A-5AE3-066A03ADD830}.Release|Any CPU.Build.0 = Release|Any CPU
		{7BEEF9EE-29EC-0BA7-6482-1A3AB74ED0DE}.Debug|Any CPU.ActiveCfg = Debug|Any CPU
		{7BEEF9EE-29EC-0BA7-6482-1A3AB74ED0DE}.Debug|Any CPU.Build.0 = Debug|Any CPU
		{7BEEF9EE-29EC-0BA7-6482-1A3AB74ED0DE}.Release|Any CPU.ActiveCfg = Release|Any CPU
		{7BEEF9EE-29EC-0BA7-6482-1A3AB74ED0DE}.Release|Any CPU.Build.0 = Release|Any CPU
		{486DFC71-B9FE-3C4F-41C5-AEA4EB9AD651}.Debug|Any CPU.ActiveCfg = Debug|Any CPU
		{486DFC71-B9FE-3C4F-41C5-AEA4EB9AD651}.Debug|Any CPU.Build.0 = Debug|Any CPU
		{486DFC71-B9FE-3C4F-41C5-AEA4EB9AD651}.Release|Any CPU.ActiveCfg = Release|Any CPU
		{486DFC71-B9FE-3C4F-41C5-AEA4EB9AD651}.Release|Any CPU.Build.0 = Release|Any CPU
		{EAAACC58-B9CC-D142-4C1F-FF7493090A1E}.Debug|Any CPU.ActiveCfg = Debug|Any CPU
		{EAAACC58-B9CC-D142-4C1F-FF7493090A1E}.Debug|Any CPU.Build.0 = Debug|Any CPU
		{EAAACC58-B9CC-D142-4C1F-FF7493090A1E}.Release|Any CPU.ActiveCfg = Release|Any CPU
		{EAAACC58-B9CC-D142-4C1F-FF7493090A1E}.Release|Any CPU.Build.0 = Release|Any CPU
		{A79751BD-1052-39F1-150C-827529DE25A0}.Debug|Any CPU.ActiveCfg = Debug|Any CPU
		{A79751BD-1052-39F1-150C-827529DE25A0}.Debug|Any CPU.Build.0 = Debug|Any CPU
		{A79751BD-1052-39F1-150C-827529DE25A0}.Release|Any CPU.ActiveCfg = Release|Any CPU
		{A79751BD-1052-39F1-150C-827529DE25A0}.Release|Any CPU.Build.0 = Release|Any CPU
		{A3AC4B16-1F08-662D-5116-DD99A99DE680}.Debug|Any CPU.ActiveCfg = Debug|Any CPU
		{A3AC4B16-1F08-662D-5116-DD99A99DE680}.Debug|Any CPU.Build.0 = Debug|Any CPU
		{A3AC4B16-1F08-662D-5116-DD99A99DE680}.Release|Any CPU.ActiveCfg = Release|Any CPU
		{A3AC4B16-1F08-662D-5116-DD99A99DE680}.Release|Any CPU.Build.0 = Release|Any CPU
		{F62020B0-89F2-71AE-D316-BA190C3721F4}.Debug|Any CPU.ActiveCfg = Debug|Any CPU
		{F62020B0-89F2-71AE-D316-BA190C3721F4}.Debug|Any CPU.Build.0 = Debug|Any CPU
		{F62020B0-89F2-71AE-D316-BA190C3721F4}.Release|Any CPU.ActiveCfg = Release|Any CPU
		{F62020B0-89F2-71AE-D316-BA190C3721F4}.Release|Any CPU.Build.0 = Release|Any CPU
		{E4FAC97A-CAAC-EA32-4341-07CEF4D2E40E}.Debug|Any CPU.ActiveCfg = Debug|Any CPU
		{E4FAC97A-CAAC-EA32-4341-07CEF4D2E40E}.Debug|Any CPU.Build.0 = Debug|Any CPU
		{E4FAC97A-CAAC-EA32-4341-07CEF4D2E40E}.Release|Any CPU.ActiveCfg = Release|Any CPU
		{E4FAC97A-CAAC-EA32-4341-07CEF4D2E40E}.Release|Any CPU.Build.0 = Release|Any CPU
		{C27665DA-5BA6-9513-5432-2C48F14228B9}.Debug|Any CPU.ActiveCfg = Debug|Any CPU
		{C27665DA-5BA6-9513-5432-2C48F14228B9}.Debug|Any CPU.Build.0 = Debug|Any CPU
		{C27665DA-5BA6-9513-5432-2C48F14228B9}.Release|Any CPU.ActiveCfg = Release|Any CPU
		{C27665DA-5BA6-9513-5432-2C48F14228B9}.Release|Any CPU.Build.0 = Release|Any CPU
		{5DFE3B06-FB71-B4D8-B2F2-4D0D5452FE6A}.Debug|Any CPU.ActiveCfg = Debug|Any CPU
		{5DFE3B06-FB71-B4D8-B2F2-4D0D5452FE6A}.Debug|Any CPU.Build.0 = Debug|Any CPU
		{5DFE3B06-FB71-B4D8-B2F2-4D0D5452FE6A}.Release|Any CPU.ActiveCfg = Release|Any CPU
		{5DFE3B06-FB71-B4D8-B2F2-4D0D5452FE6A}.Release|Any CPU.Build.0 = Release|Any CPU
		{F0A1F6F2-1CB4-B96E-AC34-6954DC92E85D}.Debug|Any CPU.ActiveCfg = Debug|Any CPU
		{F0A1F6F2-1CB4-B96E-AC34-6954DC92E85D}.Debug|Any CPU.Build.0 = Debug|Any CPU
		{F0A1F6F2-1CB4-B96E-AC34-6954DC92E85D}.Release|Any CPU.ActiveCfg = Release|Any CPU
		{F0A1F6F2-1CB4-B96E-AC34-6954DC92E85D}.Release|Any CPU.Build.0 = Release|Any CPU
		{A7AB7C3F-DA45-142D-6C5D-410B6C5E6BD1}.Debug|Any CPU.ActiveCfg = Debug|Any CPU
		{A7AB7C3F-DA45-142D-6C5D-410B6C5E6BD1}.Debug|Any CPU.Build.0 = Debug|Any CPU
		{A7AB7C3F-DA45-142D-6C5D-410B6C5E6BD1}.Release|Any CPU.ActiveCfg = Release|Any CPU
		{A7AB7C3F-DA45-142D-6C5D-410B6C5E6BD1}.Release|Any CPU.Build.0 = Release|Any CPU
		{91189667-4CEB-58EA-FC77-E6197883887F}.Debug|Any CPU.ActiveCfg = Debug|Any CPU
		{91189667-4CEB-58EA-FC77-E6197883887F}.Debug|Any CPU.Build.0 = Debug|Any CPU
		{91189667-4CEB-58EA-FC77-E6197883887F}.Release|Any CPU.ActiveCfg = Release|Any CPU
		{91189667-4CEB-58EA-FC77-E6197883887F}.Release|Any CPU.Build.0 = Release|Any CPU
		{85081247-9D06-0B55-708D-AFF883CD8890}.Debug|Any CPU.ActiveCfg = Debug|Any CPU
		{85081247-9D06-0B55-708D-AFF883CD8890}.Debug|Any CPU.Build.0 = Debug|Any CPU
		{85081247-9D06-0B55-708D-AFF883CD8890}.Release|Any CPU.ActiveCfg = Release|Any CPU
		{85081247-9D06-0B55-708D-AFF883CD8890}.Release|Any CPU.Build.0 = Release|Any CPU
		{057F5566-F578-E1DD-E48B-B09FDAC37EDF}.Debug|Any CPU.ActiveCfg = Debug|Any CPU
		{057F5566-F578-E1DD-E48B-B09FDAC37EDF}.Debug|Any CPU.Build.0 = Debug|Any CPU
		{057F5566-F578-E1DD-E48B-B09FDAC37EDF}.Release|Any CPU.ActiveCfg = Release|Any CPU
		{057F5566-F578-E1DD-E48B-B09FDAC37EDF}.Release|Any CPU.Build.0 = Release|Any CPU
		{5F008CBA-022A-A2FA-36E5-93FF5E08F8A1}.Debug|Any CPU.ActiveCfg = Debug|Any CPU
		{5F008CBA-022A-A2FA-36E5-93FF5E08F8A1}.Debug|Any CPU.Build.0 = Debug|Any CPU
		{5F008CBA-022A-A2FA-36E5-93FF5E08F8A1}.Release|Any CPU.ActiveCfg = Release|Any CPU
		{5F008CBA-022A-A2FA-36E5-93FF5E08F8A1}.Release|Any CPU.Build.0 = Release|Any CPU
		{1790F4B2-5A54-D12A-06DF-A012EED99181}.Debug|Any CPU.ActiveCfg = Debug|Any CPU
		{1790F4B2-5A54-D12A-06DF-A012EED99181}.Debug|Any CPU.Build.0 = Debug|Any CPU
		{1790F4B2-5A54-D12A-06DF-A012EED99181}.Release|Any CPU.ActiveCfg = Release|Any CPU
		{1790F4B2-5A54-D12A-06DF-A012EED99181}.Release|Any CPU.Build.0 = Release|Any CPU
		{A9B576CA-4463-14FB-8F52-01843A06C460}.Debug|Any CPU.ActiveCfg = Debug|Any CPU
		{A9B576CA-4463-14FB-8F52-01843A06C460}.Debug|Any CPU.Build.0 = Debug|Any CPU
		{A9B576CA-4463-14FB-8F52-01843A06C460}.Release|Any CPU.ActiveCfg = Release|Any CPU
		{A9B576CA-4463-14FB-8F52-01843A06C460}.Release|Any CPU.Build.0 = Release|Any CPU
		{0E06EE1B-2B48-A204-E47F-F9607E382A46}.Debug|Any CPU.ActiveCfg = Debug|Any CPU
		{0E06EE1B-2B48-A204-E47F-F9607E382A46}.Debug|Any CPU.Build.0 = Debug|Any CPU
		{0E06EE1B-2B48-A204-E47F-F9607E382A46}.Release|Any CPU.ActiveCfg = Release|Any CPU
		{0E06EE1B-2B48-A204-E47F-F9607E382A46}.Release|Any CPU.Build.0 = Release|Any CPU
		{8F735D87-6FC4-02D9-0568-3FAA1575DFF5}.Debug|Any CPU.ActiveCfg = Debug|Any CPU
		{8F735D87-6FC4-02D9-0568-3FAA1575DFF5}.Debug|Any CPU.Build.0 = Debug|Any CPU
		{8F735D87-6FC4-02D9-0568-3FAA1575DFF5}.Release|Any CPU.ActiveCfg = Release|Any CPU
		{8F735D87-6FC4-02D9-0568-3FAA1575DFF5}.Release|Any CPU.Build.0 = Release|Any CPU
		{31F4A330-366D-BFDF-6031-EC816FE6311A}.Debug|Any CPU.ActiveCfg = Debug|Any CPU
		{31F4A330-366D-BFDF-6031-EC816FE6311A}.Debug|Any CPU.Build.0 = Debug|Any CPU
		{31F4A330-366D-BFDF-6031-EC816FE6311A}.Release|Any CPU.ActiveCfg = Release|Any CPU
		{31F4A330-366D-BFDF-6031-EC816FE6311A}.Release|Any CPU.Build.0 = Release|Any CPU
		{1E32A833-291C-DEAD-13D3-CC302D57559D}.Debug|Any CPU.ActiveCfg = Debug|Any CPU
		{1E32A833-291C-DEAD-13D3-CC302D57559D}.Debug|Any CPU.Build.0 = Debug|Any CPU
		{1E32A833-291C-DEAD-13D3-CC302D57559D}.Release|Any CPU.ActiveCfg = Release|Any CPU
		{1E32A833-291C-DEAD-13D3-CC302D57559D}.Release|Any CPU.Build.0 = Release|Any CPU
		{6E4E444D-16E5-DAD1-1104-0B68394DC769}.Debug|Any CPU.ActiveCfg = Debug|Any CPU
		{6E4E444D-16E5-DAD1-1104-0B68394DC769}.Debug|Any CPU.Build.0 = Debug|Any CPU
		{6E4E444D-16E5-DAD1-1104-0B68394DC769}.Release|Any CPU.ActiveCfg = Release|Any CPU
		{6E4E444D-16E5-DAD1-1104-0B68394DC769}.Release|Any CPU.Build.0 = Release|Any CPU
		{7AFA87D6-9631-123E-E21A-39E82D86DBDF}.Debug|Any CPU.ActiveCfg = Debug|Any CPU
		{7AFA87D6-9631-123E-E21A-39E82D86DBDF}.Debug|Any CPU.Build.0 = Debug|Any CPU
		{7AFA87D6-9631-123E-E21A-39E82D86DBDF}.Release|Any CPU.ActiveCfg = Release|Any CPU
		{7AFA87D6-9631-123E-E21A-39E82D86DBDF}.Release|Any CPU.Build.0 = Release|Any CPU
		{769BA60B-4334-5A6D-021F-E4A1FFD4BF8F}.Debug|Any CPU.ActiveCfg = Debug|Any CPU
		{769BA60B-4334-5A6D-021F-E4A1FFD4BF8F}.Debug|Any CPU.Build.0 = Debug|Any CPU
		{769BA60B-4334-5A6D-021F-E4A1FFD4BF8F}.Release|Any CPU.ActiveCfg = Release|Any CPU
		{769BA60B-4334-5A6D-021F-E4A1FFD4BF8F}.Release|Any CPU.Build.0 = Release|Any CPU
		{365A399F-E059-7D2F-5E07-DE321A6D68E4}.Debug|Any CPU.ActiveCfg = Debug|Any CPU
		{365A399F-E059-7D2F-5E07-DE321A6D68E4}.Debug|Any CPU.Build.0 = Debug|Any CPU
		{365A399F-E059-7D2F-5E07-DE321A6D68E4}.Release|Any CPU.ActiveCfg = Release|Any CPU
		{365A399F-E059-7D2F-5E07-DE321A6D68E4}.Release|Any CPU.Build.0 = Release|Any CPU
		{6EA5B91C-51BD-2719-8FC0-A2CA2B365CDC}.Debug|Any CPU.ActiveCfg = Debug|Any CPU
		{6EA5B91C-51BD-2719-8FC0-A2CA2B365CDC}.Debug|Any CPU.Build.0 = Debug|Any CPU
		{6EA5B91C-51BD-2719-8FC0-A2CA2B365CDC}.Release|Any CPU.ActiveCfg = Release|Any CPU
		{6EA5B91C-51BD-2719-8FC0-A2CA2B365CDC}.Release|Any CPU.Build.0 = Release|Any CPU
		{171949CD-7CD4-0D24-9F95-1B5D3D4EE87E}.Debug|Any CPU.ActiveCfg = Debug|Any CPU
		{171949CD-7CD4-0D24-9F95-1B5D3D4EE87E}.Debug|Any CPU.Build.0 = Debug|Any CPU
		{171949CD-7CD4-0D24-9F95-1B5D3D4EE87E}.Release|Any CPU.ActiveCfg = Release|Any CPU
		{171949CD-7CD4-0D24-9F95-1B5D3D4EE87E}.Release|Any CPU.Build.0 = Release|Any CPU
		{0FE3E21D-B3B7-699D-29EE-52E4E89289EA}.Debug|Any CPU.ActiveCfg = Debug|Any CPU
		{0FE3E21D-B3B7-699D-29EE-52E4E89289EA}.Debug|Any CPU.Build.0 = Debug|Any CPU
		{0FE3E21D-B3B7-699D-29EE-52E4E89289EA}.Release|Any CPU.ActiveCfg = Release|Any CPU
		{0FE3E21D-B3B7-699D-29EE-52E4E89289EA}.Release|Any CPU.Build.0 = Release|Any CPU
		{7CB5494F-C003-F680-AA16-7CBFCE74FEA1}.Debug|Any CPU.ActiveCfg = Debug|Any CPU
		{7CB5494F-C003-F680-AA16-7CBFCE74FEA1}.Debug|Any CPU.Build.0 = Debug|Any CPU
		{7CB5494F-C003-F680-AA16-7CBFCE74FEA1}.Release|Any CPU.ActiveCfg = Release|Any CPU
		{7CB5494F-C003-F680-AA16-7CBFCE74FEA1}.Release|Any CPU.Build.0 = Release|Any CPU
		{2482D453-3A09-0F1E-BDD2-C131D7CCFB18}.Debug|Any CPU.ActiveCfg = Debug|Any CPU
		{2482D453-3A09-0F1E-BDD2-C131D7CCFB18}.Debug|Any CPU.Build.0 = Debug|Any CPU
		{2482D453-3A09-0F1E-BDD2-C131D7CCFB18}.Release|Any CPU.ActiveCfg = Release|Any CPU
		{2482D453-3A09-0F1E-BDD2-C131D7CCFB18}.Release|Any CPU.Build.0 = Release|Any CPU
		{E72C79D5-2420-DC4C-A3F1-D914CF57C25B}.Debug|Any CPU.ActiveCfg = Debug|Any CPU
		{E72C79D5-2420-DC4C-A3F1-D914CF57C25B}.Debug|Any CPU.Build.0 = Debug|Any CPU
		{E72C79D5-2420-DC4C-A3F1-D914CF57C25B}.Release|Any CPU.ActiveCfg = Release|Any CPU
		{E72C79D5-2420-DC4C-A3F1-D914CF57C25B}.Release|Any CPU.Build.0 = Release|Any CPU
		{6EA6E028-70C6-0211-9576-0D11A1C16A3C}.Debug|Any CPU.ActiveCfg = Debug|Any CPU
		{6EA6E028-70C6-0211-9576-0D11A1C16A3C}.Debug|Any CPU.Build.0 = Debug|Any CPU
		{6EA6E028-70C6-0211-9576-0D11A1C16A3C}.Release|Any CPU.ActiveCfg = Release|Any CPU
		{6EA6E028-70C6-0211-9576-0D11A1C16A3C}.Release|Any CPU.Build.0 = Release|Any CPU
		{DBB10233-5450-77B8-191D-C224A2466ACC}.Debug|Any CPU.ActiveCfg = Debug|Any CPU
		{DBB10233-5450-77B8-191D-C224A2466ACC}.Debug|Any CPU.Build.0 = Debug|Any CPU
		{DBB10233-5450-77B8-191D-C224A2466ACC}.Release|Any CPU.ActiveCfg = Release|Any CPU
		{DBB10233-5450-77B8-191D-C224A2466ACC}.Release|Any CPU.Build.0 = Release|Any CPU
		{C9B13857-3857-DE4C-0277-421F9314A859}.Debug|Any CPU.ActiveCfg = Debug|Any CPU
		{C9B13857-3857-DE4C-0277-421F9314A859}.Debug|Any CPU.Build.0 = Debug|Any CPU
		{C9B13857-3857-DE4C-0277-421F9314A859}.Release|Any CPU.ActiveCfg = Release|Any CPU
		{C9B13857-3857-DE4C-0277-421F9314A859}.Release|Any CPU.Build.0 = Release|Any CPU
		{0856F0E4-AA62-B053-7A46-AC3C009737B3}.Debug|Any CPU.ActiveCfg = Debug|Any CPU
		{0856F0E4-AA62-B053-7A46-AC3C009737B3}.Debug|Any CPU.Build.0 = Debug|Any CPU
		{0856F0E4-AA62-B053-7A46-AC3C009737B3}.Release|Any CPU.ActiveCfg = Release|Any CPU
		{0856F0E4-AA62-B053-7A46-AC3C009737B3}.Release|Any CPU.Build.0 = Release|Any CPU
		{3C2A6C1C-AF2A-32C4-AC9C-51F22061D419}.Debug|Any CPU.ActiveCfg = Debug|Any CPU
		{3C2A6C1C-AF2A-32C4-AC9C-51F22061D419}.Debug|Any CPU.Build.0 = Debug|Any CPU
		{3C2A6C1C-AF2A-32C4-AC9C-51F22061D419}.Release|Any CPU.ActiveCfg = Release|Any CPU
		{3C2A6C1C-AF2A-32C4-AC9C-51F22061D419}.Release|Any CPU.Build.0 = Release|Any CPU
		{ED1227B9-A8A6-381C-6E04-3E37305146F8}.Debug|Any CPU.ActiveCfg = Debug|Any CPU
		{ED1227B9-A8A6-381C-6E04-3E37305146F8}.Debug|Any CPU.Build.0 = Debug|Any CPU
		{ED1227B9-A8A6-381C-6E04-3E37305146F8}.Release|Any CPU.ActiveCfg = Release|Any CPU
		{ED1227B9-A8A6-381C-6E04-3E37305146F8}.Release|Any CPU.Build.0 = Release|Any CPU
		{01206773-800B-5D70-4599-828BFCA70ECE}.Debug|Any CPU.ActiveCfg = Debug|Any CPU
		{01206773-800B-5D70-4599-828BFCA70ECE}.Debug|Any CPU.Build.0 = Debug|Any CPU
		{01206773-800B-5D70-4599-828BFCA70ECE}.Release|Any CPU.ActiveCfg = Release|Any CPU
		{01206773-800B-5D70-4599-828BFCA70ECE}.Release|Any CPU.Build.0 = Release|Any CPU
		{EA4EF2DD-D2D9-2BFE-5FA9-024A70F437A8}.Debug|Any CPU.ActiveCfg = Debug|Any CPU
		{EA4EF2DD-D2D9-2BFE-5FA9-024A70F437A8}.Debug|Any CPU.Build.0 = Debug|Any CPU
		{EA4EF2DD-D2D9-2BFE-5FA9-024A70F437A8}.Release|Any CPU.ActiveCfg = Release|Any CPU
		{EA4EF2DD-D2D9-2BFE-5FA9-024A70F437A8}.Release|Any CPU.Build.0 = Release|Any CPU
		{D8D720EE-7532-1101-5638-B5C30C7CE003}.Debug|Any CPU.ActiveCfg = Debug|Any CPU
		{D8D720EE-7532-1101-5638-B5C30C7CE003}.Debug|Any CPU.Build.0 = Debug|Any CPU
		{D8D720EE-7532-1101-5638-B5C30C7CE003}.Release|Any CPU.ActiveCfg = Release|Any CPU
		{D8D720EE-7532-1101-5638-B5C30C7CE003}.Release|Any CPU.Build.0 = Release|Any CPU
		{A1DE6EEF-F5BD-0ED2-988F-AFE4DA0165CD}.Debug|Any CPU.ActiveCfg = Debug|Any CPU
		{A1DE6EEF-F5BD-0ED2-988F-AFE4DA0165CD}.Debug|Any CPU.Build.0 = Debug|Any CPU
		{A1DE6EEF-F5BD-0ED2-988F-AFE4DA0165CD}.Release|Any CPU.ActiveCfg = Release|Any CPU
		{A1DE6EEF-F5BD-0ED2-988F-AFE4DA0165CD}.Release|Any CPU.Build.0 = Release|Any CPU
		{4DB1B534-B3EB-0349-517B-2F99C5CA1F47}.Debug|Any CPU.ActiveCfg = Debug|Any CPU
		{4DB1B534-B3EB-0349-517B-2F99C5CA1F47}.Debug|Any CPU.Build.0 = Debug|Any CPU
		{4DB1B534-B3EB-0349-517B-2F99C5CA1F47}.Release|Any CPU.ActiveCfg = Release|Any CPU
		{4DB1B534-B3EB-0349-517B-2F99C5CA1F47}.Release|Any CPU.Build.0 = Release|Any CPU
		{C12A8FE4-4208-FAFA-BF18-0D39CCB89195}.Debug|Any CPU.ActiveCfg = Debug|Any CPU
		{C12A8FE4-4208-FAFA-BF18-0D39CCB89195}.Debug|Any CPU.Build.0 = Debug|Any CPU
		{C12A8FE4-4208-FAFA-BF18-0D39CCB89195}.Release|Any CPU.ActiveCfg = Release|Any CPU
		{C12A8FE4-4208-FAFA-BF18-0D39CCB89195}.Release|Any CPU.Build.0 = Release|Any CPU
		{46264388-CDD1-96F1-58BA-2F58F106345A}.Debug|Any CPU.ActiveCfg = Debug|Any CPU
		{46264388-CDD1-96F1-58BA-2F58F106345A}.Debug|Any CPU.Build.0 = Debug|Any CPU
		{46264388-CDD1-96F1-58BA-2F58F106345A}.Release|Any CPU.ActiveCfg = Release|Any CPU
		{46264388-CDD1-96F1-58BA-2F58F106345A}.Release|Any CPU.Build.0 = Release|Any CPU
		{2F76358E-0361-6807-5E8B-AA502E301ABC}.Debug|Any CPU.ActiveCfg = Debug|Any CPU
		{2F76358E-0361-6807-5E8B-AA502E301ABC}.Debug|Any CPU.Build.0 = Debug|Any CPU
		{2F76358E-0361-6807-5E8B-AA502E301ABC}.Release|Any CPU.ActiveCfg = Release|Any CPU
		{2F76358E-0361-6807-5E8B-AA502E301ABC}.Release|Any CPU.Build.0 = Release|Any CPU
		{9D212DC9-7AAE-F902-C394-804FC855802D}.Debug|Any CPU.ActiveCfg = Debug|Any CPU
		{9D212DC9-7AAE-F902-C394-804FC855802D}.Debug|Any CPU.Build.0 = Debug|Any CPU
		{9D212DC9-7AAE-F902-C394-804FC855802D}.Release|Any CPU.ActiveCfg = Release|Any CPU
		{9D212DC9-7AAE-F902-C394-804FC855802D}.Release|Any CPU.Build.0 = Release|Any CPU
		{94E7BCC7-4EB0-D9AF-9F88-6A75A51FD46E}.Debug|Any CPU.ActiveCfg = Debug|Any CPU
		{94E7BCC7-4EB0-D9AF-9F88-6A75A51FD46E}.Debug|Any CPU.Build.0 = Debug|Any CPU
		{94E7BCC7-4EB0-D9AF-9F88-6A75A51FD46E}.Release|Any CPU.ActiveCfg = Release|Any CPU
		{94E7BCC7-4EB0-D9AF-9F88-6A75A51FD46E}.Release|Any CPU.Build.0 = Release|Any CPU
		{7D0501E2-3A81-4E37-DF19-206E2B028247}.Debug|Any CPU.ActiveCfg = Debug|Any CPU
		{7D0501E2-3A81-4E37-DF19-206E2B028247}.Debug|Any CPU.Build.0 = Debug|Any CPU
		{7D0501E2-3A81-4E37-DF19-206E2B028247}.Release|Any CPU.ActiveCfg = Release|Any CPU
		{7D0501E2-3A81-4E37-DF19-206E2B028247}.Release|Any CPU.Build.0 = Release|Any CPU
		{65AC27F7-F225-8E18-7492-59A326F508C1}.Debug|Any CPU.ActiveCfg = Debug|Any CPU
		{65AC27F7-F225-8E18-7492-59A326F508C1}.Debug|Any CPU.Build.0 = Debug|Any CPU
		{65AC27F7-F225-8E18-7492-59A326F508C1}.Release|Any CPU.ActiveCfg = Release|Any CPU
		{65AC27F7-F225-8E18-7492-59A326F508C1}.Release|Any CPU.Build.0 = Release|Any CPU
		{3668682F-B246-F9DB-D7F9-E9A1AF05D2E6}.Debug|Any CPU.ActiveCfg = Debug|Any CPU
		{3668682F-B246-F9DB-D7F9-E9A1AF05D2E6}.Debug|Any CPU.Build.0 = Debug|Any CPU
		{3668682F-B246-F9DB-D7F9-E9A1AF05D2E6}.Release|Any CPU.ActiveCfg = Release|Any CPU
		{3668682F-B246-F9DB-D7F9-E9A1AF05D2E6}.Release|Any CPU.Build.0 = Release|Any CPU
		{A97DD9B8-444E-CF74-EFB1-DE5DABFBE748}.Debug|Any CPU.ActiveCfg = Debug|Any CPU
		{A97DD9B8-444E-CF74-EFB1-DE5DABFBE748}.Debug|Any CPU.Build.0 = Debug|Any CPU
		{A97DD9B8-444E-CF74-EFB1-DE5DABFBE748}.Release|Any CPU.ActiveCfg = Release|Any CPU
		{A97DD9B8-444E-CF74-EFB1-DE5DABFBE748}.Release|Any CPU.Build.0 = Release|Any CPU
		{1F5D954A-0A1F-51D8-94ED-7094D4366430}.Debug|Any CPU.ActiveCfg = Debug|Any CPU
		{1F5D954A-0A1F-51D8-94ED-7094D4366430}.Debug|Any CPU.Build.0 = Debug|Any CPU
		{1F5D954A-0A1F-51D8-94ED-7094D4366430}.Release|Any CPU.ActiveCfg = Release|Any CPU
		{1F5D954A-0A1F-51D8-94ED-7094D4366430}.Release|Any CPU.Build.0 = Release|Any CPU
		{46812382-B45A-FC72-1505-1D1F816E4491}.Debug|Any CPU.ActiveCfg = Debug|Any CPU
		{46812382-B45A-FC72-1505-1D1F816E4491}.Debug|Any CPU.Build.0 = Debug|Any CPU
		{46812382-B45A-FC72-1505-1D1F816E4491}.Release|Any CPU.ActiveCfg = Release|Any CPU
		{46812382-B45A-FC72-1505-1D1F816E4491}.Release|Any CPU.Build.0 = Release|Any CPU
		{556C244A-9A6E-A0EB-CD2D-B08143A2A47F}.Debug|Any CPU.ActiveCfg = Debug|Any CPU
		{556C244A-9A6E-A0EB-CD2D-B08143A2A47F}.Debug|Any CPU.Build.0 = Debug|Any CPU
		{556C244A-9A6E-A0EB-CD2D-B08143A2A47F}.Release|Any CPU.ActiveCfg = Release|Any CPU
		{556C244A-9A6E-A0EB-CD2D-B08143A2A47F}.Release|Any CPU.Build.0 = Release|Any CPU
		{144B0794-7715-D599-2A44-AD3F9607FF45}.Debug|Any CPU.ActiveCfg = Debug|Any CPU
		{144B0794-7715-D599-2A44-AD3F9607FF45}.Debug|Any CPU.Build.0 = Debug|Any CPU
		{144B0794-7715-D599-2A44-AD3F9607FF45}.Release|Any CPU.ActiveCfg = Release|Any CPU
		{144B0794-7715-D599-2A44-AD3F9607FF45}.Release|Any CPU.Build.0 = Release|Any CPU
		{F6B2DF57-23BB-E939-F775-484FC1896D6A}.Debug|Any CPU.ActiveCfg = Debug|Any CPU
		{F6B2DF57-23BB-E939-F775-484FC1896D6A}.Debug|Any CPU.Build.0 = Debug|Any CPU
		{F6B2DF57-23BB-E939-F775-484FC1896D6A}.Release|Any CPU.ActiveCfg = Release|Any CPU
		{F6B2DF57-23BB-E939-F775-484FC1896D6A}.Release|Any CPU.Build.0 = Release|Any CPU
		{8133E651-62A4-7245-2CE8-A2A13A0FCDAC}.Debug|Any CPU.ActiveCfg = Debug|Any CPU
		{8133E651-62A4-7245-2CE8-A2A13A0FCDAC}.Debug|Any CPU.Build.0 = Debug|Any CPU
		{8133E651-62A4-7245-2CE8-A2A13A0FCDAC}.Release|Any CPU.ActiveCfg = Release|Any CPU
		{8133E651-62A4-7245-2CE8-A2A13A0FCDAC}.Release|Any CPU.Build.0 = Release|Any CPU
		{67DB050B-0EC3-6168-AAC3-9CE51B354942}.Debug|Any CPU.ActiveCfg = Debug|Any CPU
		{67DB050B-0EC3-6168-AAC3-9CE51B354942}.Debug|Any CPU.Build.0 = Debug|Any CPU
		{67DB050B-0EC3-6168-AAC3-9CE51B354942}.Release|Any CPU.ActiveCfg = Release|Any CPU
		{67DB050B-0EC3-6168-AAC3-9CE51B354942}.Release|Any CPU.Build.0 = Release|Any CPU
		{4660940D-002A-E290-B48E-C3D6094524EB}.Debug|Any CPU.ActiveCfg = Debug|Any CPU
		{4660940D-002A-E290-B48E-C3D6094524EB}.Debug|Any CPU.Build.0 = Debug|Any CPU
		{4660940D-002A-E290-B48E-C3D6094524EB}.Release|Any CPU.ActiveCfg = Release|Any CPU
		{4660940D-002A-E290-B48E-C3D6094524EB}.Release|Any CPU.Build.0 = Release|Any CPU
		{B26093D1-F861-4847-DD1D-2A6F5360F642}.Debug|Any CPU.ActiveCfg = Debug|Any CPU
		{B26093D1-F861-4847-DD1D-2A6F5360F642}.Debug|Any CPU.Build.0 = Debug|Any CPU
		{B26093D1-F861-4847-DD1D-2A6F5360F642}.Release|Any CPU.ActiveCfg = Release|Any CPU
		{B26093D1-F861-4847-DD1D-2A6F5360F642}.Release|Any CPU.Build.0 = Release|Any CPU
		{E294CD73-1492-DFCD-0210-F3CEA9875C0C}.Debug|Any CPU.ActiveCfg = Debug|Any CPU
		{E294CD73-1492-DFCD-0210-F3CEA9875C0C}.Debug|Any CPU.Build.0 = Debug|Any CPU
		{E294CD73-1492-DFCD-0210-F3CEA9875C0C}.Release|Any CPU.ActiveCfg = Release|Any CPU
		{E294CD73-1492-DFCD-0210-F3CEA9875C0C}.Release|Any CPU.Build.0 = Release|Any CPU
		{0F37EDD0-E5C2-3F94-0E85-F4B8DFE4FBB1}.Debug|Any CPU.ActiveCfg = Debug|Any CPU
		{0F37EDD0-E5C2-3F94-0E85-F4B8DFE4FBB1}.Debug|Any CPU.Build.0 = Debug|Any CPU
		{0F37EDD0-E5C2-3F94-0E85-F4B8DFE4FBB1}.Release|Any CPU.ActiveCfg = Release|Any CPU
		{0F37EDD0-E5C2-3F94-0E85-F4B8DFE4FBB1}.Release|Any CPU.Build.0 = Release|Any CPU
		{17F31842-8E0A-20EE-4D89-13B4815CC5B2}.Debug|Any CPU.ActiveCfg = Debug|Any CPU
		{17F31842-8E0A-20EE-4D89-13B4815CC5B2}.Debug|Any CPU.Build.0 = Debug|Any CPU
		{17F31842-8E0A-20EE-4D89-13B4815CC5B2}.Release|Any CPU.ActiveCfg = Release|Any CPU
		{17F31842-8E0A-20EE-4D89-13B4815CC5B2}.Release|Any CPU.Build.0 = Release|Any CPU
		{BD164D2C-0A31-53D4-F68B-052E0C23DE13}.Debug|Any CPU.ActiveCfg = Debug|Any CPU
		{BD164D2C-0A31-53D4-F68B-052E0C23DE13}.Debug|Any CPU.Build.0 = Debug|Any CPU
		{BD164D2C-0A31-53D4-F68B-052E0C23DE13}.Release|Any CPU.ActiveCfg = Release|Any CPU
		{BD164D2C-0A31-53D4-F68B-052E0C23DE13}.Release|Any CPU.Build.0 = Release|Any CPU
		{D3EAD577-B1B2-8C77-31DE-31E4A788472E}.Debug|Any CPU.ActiveCfg = Debug|Any CPU
		{D3EAD577-B1B2-8C77-31DE-31E4A788472E}.Debug|Any CPU.Build.0 = Debug|Any CPU
		{D3EAD577-B1B2-8C77-31DE-31E4A788472E}.Release|Any CPU.ActiveCfg = Release|Any CPU
		{D3EAD577-B1B2-8C77-31DE-31E4A788472E}.Release|Any CPU.Build.0 = Release|Any CPU
		{A18BBC4C-A2B2-ADDF-79B3-3AE81D932422}.Debug|Any CPU.ActiveCfg = Debug|Any CPU
		{A18BBC4C-A2B2-ADDF-79B3-3AE81D932422}.Debug|Any CPU.Build.0 = Debug|Any CPU
		{A18BBC4C-A2B2-ADDF-79B3-3AE81D932422}.Release|Any CPU.ActiveCfg = Release|Any CPU
		{A18BBC4C-A2B2-ADDF-79B3-3AE81D932422}.Release|Any CPU.Build.0 = Release|Any CPU
		{27F6921C-2B7B-03F6-B65F-C3175FB9B8B2}.Debug|Any CPU.ActiveCfg = Debug|Any CPU
		{27F6921C-2B7B-03F6-B65F-C3175FB9B8B2}.Debug|Any CPU.Build.0 = Debug|Any CPU
		{27F6921C-2B7B-03F6-B65F-C3175FB9B8B2}.Release|Any CPU.ActiveCfg = Release|Any CPU
		{27F6921C-2B7B-03F6-B65F-C3175FB9B8B2}.Release|Any CPU.Build.0 = Release|Any CPU
		{B9296F18-A683-3F34-BC0F-D0CA52EE72E5}.Debug|Any CPU.ActiveCfg = Debug|Any CPU
		{B9296F18-A683-3F34-BC0F-D0CA52EE72E5}.Debug|Any CPU.Build.0 = Debug|Any CPU
		{B9296F18-A683-3F34-BC0F-D0CA52EE72E5}.Release|Any CPU.ActiveCfg = Release|Any CPU
		{B9296F18-A683-3F34-BC0F-D0CA52EE72E5}.Release|Any CPU.Build.0 = Release|Any CPU
		{D107B287-B9E0-BE67-A862-67DC60C9337D}.Debug|Any CPU.ActiveCfg = Debug|Any CPU
		{D107B287-B9E0-BE67-A862-67DC60C9337D}.Debug|Any CPU.Build.0 = Debug|Any CPU
		{D107B287-B9E0-BE67-A862-67DC60C9337D}.Release|Any CPU.ActiveCfg = Release|Any CPU
		{D107B287-B9E0-BE67-A862-67DC60C9337D}.Release|Any CPU.Build.0 = Release|Any CPU
		{28FE50B3-2F6B-DE68-4DDC-E1B22EC5CD22}.Debug|Any CPU.ActiveCfg = Debug|Any CPU
		{28FE50B3-2F6B-DE68-4DDC-E1B22EC5CD22}.Debug|Any CPU.Build.0 = Debug|Any CPU
		{28FE50B3-2F6B-DE68-4DDC-E1B22EC5CD22}.Release|Any CPU.ActiveCfg = Release|Any CPU
		{28FE50B3-2F6B-DE68-4DDC-E1B22EC5CD22}.Release|Any CPU.Build.0 = Release|Any CPU
		{92C25E9D-FC52-7D55-341F-145E7BC96B2C}.Debug|Any CPU.ActiveCfg = Debug|Any CPU
		{92C25E9D-FC52-7D55-341F-145E7BC96B2C}.Debug|Any CPU.Build.0 = Debug|Any CPU
		{92C25E9D-FC52-7D55-341F-145E7BC96B2C}.Release|Any CPU.ActiveCfg = Release|Any CPU
		{92C25E9D-FC52-7D55-341F-145E7BC96B2C}.Release|Any CPU.Build.0 = Release|Any CPU
		{AE301C1A-9A0A-F412-016D-472577CF989A}.Debug|Any CPU.ActiveCfg = Debug|Any CPU
		{AE301C1A-9A0A-F412-016D-472577CF989A}.Debug|Any CPU.Build.0 = Debug|Any CPU
		{AE301C1A-9A0A-F412-016D-472577CF989A}.Release|Any CPU.ActiveCfg = Release|Any CPU
		{AE301C1A-9A0A-F412-016D-472577CF989A}.Release|Any CPU.Build.0 = Release|Any CPU
		{A2BED2A5-635F-E711-B7A6-135FF7A15321}.Debug|Any CPU.ActiveCfg = Debug|Any CPU
		{A2BED2A5-635F-E711-B7A6-135FF7A15321}.Debug|Any CPU.Build.0 = Debug|Any CPU
		{A2BED2A5-635F-E711-B7A6-135FF7A15321}.Release|Any CPU.ActiveCfg = Release|Any CPU
		{A2BED2A5-635F-E711-B7A6-135FF7A15321}.Release|Any CPU.Build.0 = Release|Any CPU
		{4ADB6CDD-3A5F-5792-07D4-0AE0206E2669}.Debug|Any CPU.ActiveCfg = Debug|Any CPU
		{4ADB6CDD-3A5F-5792-07D4-0AE0206E2669}.Debug|Any CPU.Build.0 = Debug|Any CPU
		{4ADB6CDD-3A5F-5792-07D4-0AE0206E2669}.Release|Any CPU.ActiveCfg = Release|Any CPU
		{4ADB6CDD-3A5F-5792-07D4-0AE0206E2669}.Release|Any CPU.Build.0 = Release|Any CPU
		{1E812049-9F52-7900-25CB-10E9124E9C01}.Debug|Any CPU.ActiveCfg = Debug|Any CPU
		{1E812049-9F52-7900-25CB-10E9124E9C01}.Debug|Any CPU.Build.0 = Debug|Any CPU
		{1E812049-9F52-7900-25CB-10E9124E9C01}.Release|Any CPU.ActiveCfg = Release|Any CPU
		{1E812049-9F52-7900-25CB-10E9124E9C01}.Release|Any CPU.Build.0 = Release|Any CPU
		{16EB5B77-2C98-554F-B872-AA789A919E12}.Debug|Any CPU.ActiveCfg = Debug|Any CPU
		{16EB5B77-2C98-554F-B872-AA789A919E12}.Debug|Any CPU.Build.0 = Debug|Any CPU
		{16EB5B77-2C98-554F-B872-AA789A919E12}.Release|Any CPU.ActiveCfg = Release|Any CPU
		{16EB5B77-2C98-554F-B872-AA789A919E12}.Release|Any CPU.Build.0 = Release|Any CPU
		{7BB78C59-ABCB-722A-851B-712C9635C479}.Debug|Any CPU.ActiveCfg = Debug|Any CPU
		{7BB78C59-ABCB-722A-851B-712C9635C479}.Debug|Any CPU.Build.0 = Debug|Any CPU
		{7BB78C59-ABCB-722A-851B-712C9635C479}.Release|Any CPU.ActiveCfg = Release|Any CPU
		{7BB78C59-ABCB-722A-851B-712C9635C479}.Release|Any CPU.Build.0 = Release|Any CPU
		{01A6CD38-2086-AF16-C32A-C62C800E979B}.Debug|Any CPU.ActiveCfg = Debug|Any CPU
		{01A6CD38-2086-AF16-C32A-C62C800E979B}.Debug|Any CPU.Build.0 = Debug|Any CPU
		{01A6CD38-2086-AF16-C32A-C62C800E979B}.Release|Any CPU.ActiveCfg = Release|Any CPU
		{01A6CD38-2086-AF16-C32A-C62C800E979B}.Release|Any CPU.Build.0 = Release|Any CPU
		{33390F2A-CDFF-A211-3B76-CB20C4787DE1}.Debug|Any CPU.ActiveCfg = Debug|Any CPU
		{33390F2A-CDFF-A211-3B76-CB20C4787DE1}.Debug|Any CPU.Build.0 = Debug|Any CPU
		{33390F2A-CDFF-A211-3B76-CB20C4787DE1}.Release|Any CPU.ActiveCfg = Release|Any CPU
		{33390F2A-CDFF-A211-3B76-CB20C4787DE1}.Release|Any CPU.Build.0 = Release|Any CPU
		{BE52BCA8-2CD8-EAFA-F851-16CC95AC2210}.Debug|Any CPU.ActiveCfg = Debug|Any CPU
		{BE52BCA8-2CD8-EAFA-F851-16CC95AC2210}.Debug|Any CPU.Build.0 = Debug|Any CPU
		{BE52BCA8-2CD8-EAFA-F851-16CC95AC2210}.Release|Any CPU.ActiveCfg = Release|Any CPU
		{BE52BCA8-2CD8-EAFA-F851-16CC95AC2210}.Release|Any CPU.Build.0 = Release|Any CPU
		{A0911DEC-7497-320D-C2E8-665B28B5D359}.Debug|Any CPU.ActiveCfg = Debug|Any CPU
		{A0911DEC-7497-320D-C2E8-665B28B5D359}.Debug|Any CPU.Build.0 = Debug|Any CPU
		{A0911DEC-7497-320D-C2E8-665B28B5D359}.Release|Any CPU.ActiveCfg = Release|Any CPU
		{A0911DEC-7497-320D-C2E8-665B28B5D359}.Release|Any CPU.Build.0 = Release|Any CPU
		{DBC1A443-9A50-B48F-ABCD-8415F6656C5F}.Debug|Any CPU.ActiveCfg = Debug|Any CPU
		{DBC1A443-9A50-B48F-ABCD-8415F6656C5F}.Debug|Any CPU.Build.0 = Debug|Any CPU
		{DBC1A443-9A50-B48F-ABCD-8415F6656C5F}.Release|Any CPU.ActiveCfg = Release|Any CPU
		{DBC1A443-9A50-B48F-ABCD-8415F6656C5F}.Release|Any CPU.Build.0 = Release|Any CPU
		{084500CE-CCC2-C721-A4B5-E736DDDEA96C}.Debug|Any CPU.ActiveCfg = Debug|Any CPU
		{084500CE-CCC2-C721-A4B5-E736DDDEA96C}.Debug|Any CPU.Build.0 = Debug|Any CPU
		{084500CE-CCC2-C721-A4B5-E736DDDEA96C}.Release|Any CPU.ActiveCfg = Release|Any CPU
		{084500CE-CCC2-C721-A4B5-E736DDDEA96C}.Release|Any CPU.Build.0 = Release|Any CPU
		{E1960A30-9256-FEFF-209A-3E459FE4E3B8}.Debug|Any CPU.ActiveCfg = Debug|Any CPU
		{E1960A30-9256-FEFF-209A-3E459FE4E3B8}.Debug|Any CPU.Build.0 = Debug|Any CPU
		{E1960A30-9256-FEFF-209A-3E459FE4E3B8}.Release|Any CPU.ActiveCfg = Release|Any CPU
		{E1960A30-9256-FEFF-209A-3E459FE4E3B8}.Release|Any CPU.Build.0 = Release|Any CPU
		{814A60A4-5B4C-D365-05E4-ED444E355953}.Debug|Any CPU.ActiveCfg = Debug|Any CPU
		{814A60A4-5B4C-D365-05E4-ED444E355953}.Debug|Any CPU.Build.0 = Debug|Any CPU
		{814A60A4-5B4C-D365-05E4-ED444E355953}.Release|Any CPU.ActiveCfg = Release|Any CPU
		{814A60A4-5B4C-D365-05E4-ED444E355953}.Release|Any CPU.Build.0 = Release|Any CPU
		{83C1ABC9-C985-7DA6-B164-E676EC58E5AC}.Debug|Any CPU.ActiveCfg = Debug|Any CPU
		{83C1ABC9-C985-7DA6-B164-E676EC58E5AC}.Debug|Any CPU.Build.0 = Debug|Any CPU
		{83C1ABC9-C985-7DA6-B164-E676EC58E5AC}.Release|Any CPU.ActiveCfg = Release|Any CPU
		{83C1ABC9-C985-7DA6-B164-E676EC58E5AC}.Release|Any CPU.Build.0 = Release|Any CPU
		{F9C4674C-BDBC-B099-92FB-87565766F9E4}.Debug|Any CPU.ActiveCfg = Debug|Any CPU
		{F9C4674C-BDBC-B099-92FB-87565766F9E4}.Debug|Any CPU.Build.0 = Debug|Any CPU
		{F9C4674C-BDBC-B099-92FB-87565766F9E4}.Release|Any CPU.ActiveCfg = Release|Any CPU
		{F9C4674C-BDBC-B099-92FB-87565766F9E4}.Release|Any CPU.Build.0 = Release|Any CPU
		{6BD09A25-4994-8BC6-4ABF-77B6C8559272}.Debug|Any CPU.ActiveCfg = Debug|Any CPU
		{6BD09A25-4994-8BC6-4ABF-77B6C8559272}.Debug|Any CPU.Build.0 = Debug|Any CPU
		{6BD09A25-4994-8BC6-4ABF-77B6C8559272}.Release|Any CPU.ActiveCfg = Release|Any CPU
		{6BD09A25-4994-8BC6-4ABF-77B6C8559272}.Release|Any CPU.Build.0 = Release|Any CPU
		{1F5E6793-F3D9-81F8-F465-1122428AAAB7}.Debug|Any CPU.ActiveCfg = Debug|Any CPU
		{1F5E6793-F3D9-81F8-F465-1122428AAAB7}.Debug|Any CPU.Build.0 = Debug|Any CPU
		{1F5E6793-F3D9-81F8-F465-1122428AAAB7}.Release|Any CPU.ActiveCfg = Release|Any CPU
		{1F5E6793-F3D9-81F8-F465-1122428AAAB7}.Release|Any CPU.Build.0 = Release|Any CPU
		{46960FB9-8709-0AE0-C01D-75D5B4BA84B5}.Debug|Any CPU.ActiveCfg = Debug|Any CPU
		{46960FB9-8709-0AE0-C01D-75D5B4BA84B5}.Debug|Any CPU.Build.0 = Debug|Any CPU
		{46960FB9-8709-0AE0-C01D-75D5B4BA84B5}.Release|Any CPU.ActiveCfg = Release|Any CPU
		{46960FB9-8709-0AE0-C01D-75D5B4BA84B5}.Release|Any CPU.Build.0 = Release|Any CPU
		{4D7E4C74-8B98-C728-E11C-2035CCF31A7F}.Debug|Any CPU.ActiveCfg = Debug|Any CPU
		{4D7E4C74-8B98-C728-E11C-2035CCF31A7F}.Debug|Any CPU.Build.0 = Debug|Any CPU
		{4D7E4C74-8B98-C728-E11C-2035CCF31A7F}.Release|Any CPU.ActiveCfg = Release|Any CPU
		{4D7E4C74-8B98-C728-E11C-2035CCF31A7F}.Release|Any CPU.Build.0 = Release|Any CPU
		{9D4A259D-1FED-5DBB-6921-267EFCA1D422}.Debug|Any CPU.ActiveCfg = Debug|Any CPU
		{9D4A259D-1FED-5DBB-6921-267EFCA1D422}.Debug|Any CPU.Build.0 = Debug|Any CPU
		{9D4A259D-1FED-5DBB-6921-267EFCA1D422}.Release|Any CPU.ActiveCfg = Release|Any CPU
		{9D4A259D-1FED-5DBB-6921-267EFCA1D422}.Release|Any CPU.Build.0 = Release|Any CPU
		{E1443C66-38F9-5D80-FA9C-9448FEE205CA}.Debug|Any CPU.ActiveCfg = Debug|Any CPU
		{E1443C66-38F9-5D80-FA9C-9448FEE205CA}.Debug|Any CPU.Build.0 = Debug|Any CPU
		{E1443C66-38F9-5D80-FA9C-9448FEE205CA}.Release|Any CPU.ActiveCfg = Release|Any CPU
		{E1443C66-38F9-5D80-FA9C-9448FEE205CA}.Release|Any CPU.Build.0 = Release|Any CPU
		{255121A8-E2CA-AD80-2DC2-8837CC065CB2}.Debug|Any CPU.ActiveCfg = Debug|Any CPU
		{255121A8-E2CA-AD80-2DC2-8837CC065CB2}.Debug|Any CPU.Build.0 = Debug|Any CPU
		{255121A8-E2CA-AD80-2DC2-8837CC065CB2}.Release|Any CPU.ActiveCfg = Release|Any CPU
		{255121A8-E2CA-AD80-2DC2-8837CC065CB2}.Release|Any CPU.Build.0 = Release|Any CPU
		{62AB85FD-A87C-1659-3AAB-51E3F0536FD3}.Debug|Any CPU.ActiveCfg = Debug|Any CPU
		{62AB85FD-A87C-1659-3AAB-51E3F0536FD3}.Debug|Any CPU.Build.0 = Debug|Any CPU
		{62AB85FD-A87C-1659-3AAB-51E3F0536FD3}.Release|Any CPU.ActiveCfg = Release|Any CPU
		{62AB85FD-A87C-1659-3AAB-51E3F0536FD3}.Release|Any CPU.Build.0 = Release|Any CPU
		{F93DB3B8-EBF0-7396-15BA-16CA2BBA763A}.Debug|Any CPU.ActiveCfg = Debug|Any CPU
		{F93DB3B8-EBF0-7396-15BA-16CA2BBA763A}.Debug|Any CPU.Build.0 = Debug|Any CPU
		{F93DB3B8-EBF0-7396-15BA-16CA2BBA763A}.Release|Any CPU.ActiveCfg = Release|Any CPU
		{F93DB3B8-EBF0-7396-15BA-16CA2BBA763A}.Release|Any CPU.Build.0 = Release|Any CPU
		{C929C970-1FC0-77A8-3174-9F00A1EA69BE}.Debug|Any CPU.ActiveCfg = Debug|Any CPU
		{C929C970-1FC0-77A8-3174-9F00A1EA69BE}.Debug|Any CPU.Build.0 = Debug|Any CPU
		{C929C970-1FC0-77A8-3174-9F00A1EA69BE}.Release|Any CPU.ActiveCfg = Release|Any CPU
		{C929C970-1FC0-77A8-3174-9F00A1EA69BE}.Release|Any CPU.Build.0 = Release|Any CPU
		{58219256-13EB-5AAE-1108-480B3DC1CF65}.Debug|Any CPU.ActiveCfg = Debug|Any CPU
		{58219256-13EB-5AAE-1108-480B3DC1CF65}.Debug|Any CPU.Build.0 = Debug|Any CPU
		{58219256-13EB-5AAE-1108-480B3DC1CF65}.Release|Any CPU.ActiveCfg = Release|Any CPU
		{58219256-13EB-5AAE-1108-480B3DC1CF65}.Release|Any CPU.Build.0 = Release|Any CPU
		{D1253054-10F2-6415-5F50-A7DA4C4D7964}.Debug|Any CPU.ActiveCfg = Debug|Any CPU
		{D1253054-10F2-6415-5F50-A7DA4C4D7964}.Debug|Any CPU.Build.0 = Debug|Any CPU
		{D1253054-10F2-6415-5F50-A7DA4C4D7964}.Release|Any CPU.ActiveCfg = Release|Any CPU
		{D1253054-10F2-6415-5F50-A7DA4C4D7964}.Release|Any CPU.Build.0 = Release|Any CPU
		{742863FA-E7E8-C4CD-DBBD-76B7C80B953B}.Debug|Any CPU.ActiveCfg = Debug|Any CPU
		{742863FA-E7E8-C4CD-DBBD-76B7C80B953B}.Debug|Any CPU.Build.0 = Debug|Any CPU
		{742863FA-E7E8-C4CD-DBBD-76B7C80B953B}.Release|Any CPU.ActiveCfg = Release|Any CPU
		{742863FA-E7E8-C4CD-DBBD-76B7C80B953B}.Release|Any CPU.Build.0 = Release|Any CPU
		{D3E8DEC9-AFAF-00BA-70D0-1AE81F6CEB8C}.Debug|Any CPU.ActiveCfg = Debug|Any CPU
		{D3E8DEC9-AFAF-00BA-70D0-1AE81F6CEB8C}.Debug|Any CPU.Build.0 = Debug|Any CPU
		{D3E8DEC9-AFAF-00BA-70D0-1AE81F6CEB8C}.Release|Any CPU.ActiveCfg = Release|Any CPU
		{D3E8DEC9-AFAF-00BA-70D0-1AE81F6CEB8C}.Release|Any CPU.Build.0 = Release|Any CPU
		{28A639FE-A80B-EB78-33F5-6E24B458F240}.Debug|Any CPU.ActiveCfg = Debug|Any CPU
		{28A639FE-A80B-EB78-33F5-6E24B458F240}.Debug|Any CPU.Build.0 = Debug|Any CPU
		{28A639FE-A80B-EB78-33F5-6E24B458F240}.Release|Any CPU.ActiveCfg = Release|Any CPU
		{28A639FE-A80B-EB78-33F5-6E24B458F240}.Release|Any CPU.Build.0 = Release|Any CPU
		{1D73E3AF-2185-D678-2F3A-53BC1F5CA3A5}.Debug|Any CPU.ActiveCfg = Debug|Any CPU
		{1D73E3AF-2185-D678-2F3A-53BC1F5CA3A5}.Debug|Any CPU.Build.0 = Debug|Any CPU
		{1D73E3AF-2185-D678-2F3A-53BC1F5CA3A5}.Release|Any CPU.ActiveCfg = Release|Any CPU
		{1D73E3AF-2185-D678-2F3A-53BC1F5CA3A5}.Release|Any CPU.Build.0 = Release|Any CPU
		{7FB6A942-4DAA-AAE2-8BBB-0D687D4A82D7}.Debug|Any CPU.ActiveCfg = Debug|Any CPU
		{7FB6A942-4DAA-AAE2-8BBB-0D687D4A82D7}.Debug|Any CPU.Build.0 = Debug|Any CPU
		{7FB6A942-4DAA-AAE2-8BBB-0D687D4A82D7}.Release|Any CPU.ActiveCfg = Release|Any CPU
		{7FB6A942-4DAA-AAE2-8BBB-0D687D4A82D7}.Release|Any CPU.Build.0 = Release|Any CPU
		{61193623-4DE6-8C16-100B-F0961FD63C29}.Debug|Any CPU.ActiveCfg = Debug|Any CPU
		{61193623-4DE6-8C16-100B-F0961FD63C29}.Debug|Any CPU.Build.0 = Debug|Any CPU
		{61193623-4DE6-8C16-100B-F0961FD63C29}.Release|Any CPU.ActiveCfg = Release|Any CPU
		{61193623-4DE6-8C16-100B-F0961FD63C29}.Release|Any CPU.Build.0 = Release|Any CPU
		{E911FA80-CE77-6D79-D965-F039B6A384C5}.Debug|Any CPU.ActiveCfg = Debug|Any CPU
		{E911FA80-CE77-6D79-D965-F039B6A384C5}.Debug|Any CPU.Build.0 = Debug|Any CPU
		{E911FA80-CE77-6D79-D965-F039B6A384C5}.Release|Any CPU.ActiveCfg = Release|Any CPU
		{E911FA80-CE77-6D79-D965-F039B6A384C5}.Release|Any CPU.Build.0 = Release|Any CPU
		{3C9FCFA9-A547-1F44-C054-0A6FF412339B}.Debug|Any CPU.ActiveCfg = Debug|Any CPU
		{3C9FCFA9-A547-1F44-C054-0A6FF412339B}.Debug|Any CPU.Build.0 = Debug|Any CPU
		{3C9FCFA9-A547-1F44-C054-0A6FF412339B}.Release|Any CPU.ActiveCfg = Release|Any CPU
		{3C9FCFA9-A547-1F44-C054-0A6FF412339B}.Release|Any CPU.Build.0 = Release|Any CPU
		{D9F1652C-F315-569D-5133-FF7FD7974DE2}.Debug|Any CPU.ActiveCfg = Debug|Any CPU
		{D9F1652C-F315-569D-5133-FF7FD7974DE2}.Debug|Any CPU.Build.0 = Debug|Any CPU
		{D9F1652C-F315-569D-5133-FF7FD7974DE2}.Release|Any CPU.ActiveCfg = Release|Any CPU
		{D9F1652C-F315-569D-5133-FF7FD7974DE2}.Release|Any CPU.Build.0 = Release|Any CPU
		{36B868ED-87D2-48C7-3F38-31FE40F8327E}.Debug|Any CPU.ActiveCfg = Debug|Any CPU
		{36B868ED-87D2-48C7-3F38-31FE40F8327E}.Debug|Any CPU.Build.0 = Debug|Any CPU
		{36B868ED-87D2-48C7-3F38-31FE40F8327E}.Release|Any CPU.ActiveCfg = Release|Any CPU
		{36B868ED-87D2-48C7-3F38-31FE40F8327E}.Release|Any CPU.Build.0 = Release|Any CPU
		{BE55E71D-E7C3-9B1E-296E-2D690B49FCF8}.Debug|Any CPU.ActiveCfg = Debug|Any CPU
		{BE55E71D-E7C3-9B1E-296E-2D690B49FCF8}.Debug|Any CPU.Build.0 = Debug|Any CPU
		{BE55E71D-E7C3-9B1E-296E-2D690B49FCF8}.Release|Any CPU.ActiveCfg = Release|Any CPU
		{BE55E71D-E7C3-9B1E-296E-2D690B49FCF8}.Release|Any CPU.Build.0 = Release|Any CPU
		{6EDC27D8-E96E-BA3E-A20F-7EB9F92AC97F}.Debug|Any CPU.ActiveCfg = Debug|Any CPU
		{6EDC27D8-E96E-BA3E-A20F-7EB9F92AC97F}.Debug|Any CPU.Build.0 = Debug|Any CPU
		{6EDC27D8-E96E-BA3E-A20F-7EB9F92AC97F}.Release|Any CPU.ActiveCfg = Release|Any CPU
		{6EDC27D8-E96E-BA3E-A20F-7EB9F92AC97F}.Release|Any CPU.Build.0 = Release|Any CPU
		{AF0B2E7D-37CC-41D8-B0DF-2BB83D4DB698}.Debug|Any CPU.ActiveCfg = Debug|Any CPU
		{AF0B2E7D-37CC-41D8-B0DF-2BB83D4DB698}.Debug|Any CPU.Build.0 = Debug|Any CPU
		{AF0B2E7D-37CC-41D8-B0DF-2BB83D4DB698}.Release|Any CPU.ActiveCfg = Release|Any CPU
		{AF0B2E7D-37CC-41D8-B0DF-2BB83D4DB698}.Release|Any CPU.Build.0 = Release|Any CPU
	EndGlobalSection
	GlobalSection(SolutionProperties) = preSolution
		HideSolutionNode = FALSE
	EndGlobalSection
	GlobalSection(NestedProjects) = preSolution
		{D90AB541-7400-80B1-A0B4-F58D0D439F55} = {71E6E750-85FD-B5BC-4321-E01377EC6231}
		{3A43503A-5291-D65D-C73A-4432E7C7A5FE} = {D90AB541-7400-80B1-A0B4-F58D0D439F55}
		{2633C67F-88E7-2CB4-F0C5-20A7E94DA4DB} = {D90AB541-7400-80B1-A0B4-F58D0D439F55}
		{E5F09C5E-7C21-4F6C-DF77-26DA21585996} = {D90AB541-7400-80B1-A0B4-F58D0D439F55}
		{912D1BB2-7E01-C62A-49B0-765465219349} = {D90AB541-7400-80B1-A0B4-F58D0D439F55}
		{98988150-DFDF-0255-A27E-F47BEEB8FB92} = {D90AB541-7400-80B1-A0B4-F58D0D439F55}
		{4CE0371E-3784-6793-47E5-F1CB37A5EC4A} = {D90AB541-7400-80B1-A0B4-F58D0D439F55}
		{46F352FB-CBBC-2130-FB41-C6A3EC0D0832} = {D90AB541-7400-80B1-A0B4-F58D0D439F55}
		{376FBC07-9116-3068-2947-617DFB03FEBB} = {D90AB541-7400-80B1-A0B4-F58D0D439F55}
		{7206C8F8-3DF5-E3E7-7110-A11618CA979C} = {D90AB541-7400-80B1-A0B4-F58D0D439F55}
		{69C1E3D5-DA1C-626A-1041-A99CF28A66CF} = {D90AB541-7400-80B1-A0B4-F58D0D439F55}
		{89341188-00C3-E08A-5AE3-066A03ADD830} = {D90AB541-7400-80B1-A0B4-F58D0D439F55}
		{7BEEF9EE-29EC-0BA7-6482-1A3AB74ED0DE} = {D90AB541-7400-80B1-A0B4-F58D0D439F55}
		{486DFC71-B9FE-3C4F-41C5-AEA4EB9AD651} = {D90AB541-7400-80B1-A0B4-F58D0D439F55}
		{EAAACC58-B9CC-D142-4C1F-FF7493090A1E} = {D90AB541-7400-80B1-A0B4-F58D0D439F55}
		{A79751BD-1052-39F1-150C-827529DE25A0} = {D90AB541-7400-80B1-A0B4-F58D0D439F55}
		{A3AC4B16-1F08-662D-5116-DD99A99DE680} = {D90AB541-7400-80B1-A0B4-F58D0D439F55}
		{13AACEBB-5F00-79C1-2D14-6EA8B5DDD1FE} = {71E6E750-85FD-B5BC-4321-E01377EC6231}
		{F62020B0-89F2-71AE-D316-BA190C3721F4} = {13AACEBB-5F00-79C1-2D14-6EA8B5DDD1FE}
		{E4FAC97A-CAAC-EA32-4341-07CEF4D2E40E} = {13AACEBB-5F00-79C1-2D14-6EA8B5DDD1FE}
		{C27665DA-5BA6-9513-5432-2C48F14228B9} = {13AACEBB-5F00-79C1-2D14-6EA8B5DDD1FE}
		{5DFE3B06-FB71-B4D8-B2F2-4D0D5452FE6A} = {13AACEBB-5F00-79C1-2D14-6EA8B5DDD1FE}
		{F0A1F6F2-1CB4-B96E-AC34-6954DC92E85D} = {13AACEBB-5F00-79C1-2D14-6EA8B5DDD1FE}
		{A7AB7C3F-DA45-142D-6C5D-410B6C5E6BD1} = {13AACEBB-5F00-79C1-2D14-6EA8B5DDD1FE}
		{91189667-4CEB-58EA-FC77-E6197883887F} = {13AACEBB-5F00-79C1-2D14-6EA8B5DDD1FE}
		{85081247-9D06-0B55-708D-AFF883CD8890} = {13AACEBB-5F00-79C1-2D14-6EA8B5DDD1FE}
		{057F5566-F578-E1DD-E48B-B09FDAC37EDF} = {13AACEBB-5F00-79C1-2D14-6EA8B5DDD1FE}
		{5F008CBA-022A-A2FA-36E5-93FF5E08F8A1} = {13AACEBB-5F00-79C1-2D14-6EA8B5DDD1FE}
		{1790F4B2-5A54-D12A-06DF-A012EED99181} = {13AACEBB-5F00-79C1-2D14-6EA8B5DDD1FE}
		{A9B576CA-4463-14FB-8F52-01843A06C460} = {13AACEBB-5F00-79C1-2D14-6EA8B5DDD1FE}
		{0E06EE1B-2B48-A204-E47F-F9607E382A46} = {13AACEBB-5F00-79C1-2D14-6EA8B5DDD1FE}
		{8F735D87-6FC4-02D9-0568-3FAA1575DFF5} = {13AACEBB-5F00-79C1-2D14-6EA8B5DDD1FE}
		{31F4A330-366D-BFDF-6031-EC816FE6311A} = {13AACEBB-5F00-79C1-2D14-6EA8B5DDD1FE}
		{1E32A833-291C-DEAD-13D3-CC302D57559D} = {13AACEBB-5F00-79C1-2D14-6EA8B5DDD1FE}
		{6E4E444D-16E5-DAD1-1104-0B68394DC769} = {13AACEBB-5F00-79C1-2D14-6EA8B5DDD1FE}
		{7AFA87D6-9631-123E-E21A-39E82D86DBDF} = {13AACEBB-5F00-79C1-2D14-6EA8B5DDD1FE}
		{769BA60B-4334-5A6D-021F-E4A1FFD4BF8F} = {13AACEBB-5F00-79C1-2D14-6EA8B5DDD1FE}
		{365A399F-E059-7D2F-5E07-DE321A6D68E4} = {13AACEBB-5F00-79C1-2D14-6EA8B5DDD1FE}
		{6EA5B91C-51BD-2719-8FC0-A2CA2B365CDC} = {13AACEBB-5F00-79C1-2D14-6EA8B5DDD1FE}
		{171949CD-7CD4-0D24-9F95-1B5D3D4EE87E} = {13AACEBB-5F00-79C1-2D14-6EA8B5DDD1FE}
		{09507B95-9325-4B0B-76F5-C5D6E7DFC131} = {E0FE114B-0F45-76CC-FCE7-3FA6D93A2D99}
		{0FE3E21D-B3B7-699D-29EE-52E4E89289EA} = {09507B95-9325-4B0B-76F5-C5D6E7DFC131}
		{D4940822-8CCD-A00D-B363-AA1F29BDEDF4} = {71E6E750-85FD-B5BC-4321-E01377EC6231}
		{9679C583-0C3C-0632-0B2C-79FA1C5FF4AB} = {D4940822-8CCD-A00D-B363-AA1F29BDEDF4}
		{7CB5494F-C003-F680-AA16-7CBFCE74FEA1} = {9679C583-0C3C-0632-0B2C-79FA1C5FF4AB}
		{2482D453-3A09-0F1E-BDD2-C131D7CCFB18} = {9679C583-0C3C-0632-0B2C-79FA1C5FF4AB}
		{45989F30-23DA-CEFB-18CC-C42EEDB6C75A} = {D4940822-8CCD-A00D-B363-AA1F29BDEDF4}
		{E72C79D5-2420-DC4C-A3F1-D914CF57C25B} = {45989F30-23DA-CEFB-18CC-C42EEDB6C75A}
		{6EA6E028-70C6-0211-9576-0D11A1C16A3C} = {45989F30-23DA-CEFB-18CC-C42EEDB6C75A}
		{DBB10233-5450-77B8-191D-C224A2466ACC} = {45989F30-23DA-CEFB-18CC-C42EEDB6C75A}
		{C9B13857-3857-DE4C-0277-421F9314A859} = {45989F30-23DA-CEFB-18CC-C42EEDB6C75A}
		{48E74E0B-2E22-7C05-EB79-C8B5A580816C} = {D4940822-8CCD-A00D-B363-AA1F29BDEDF4}
		{0856F0E4-AA62-B053-7A46-AC3C009737B3} = {48E74E0B-2E22-7C05-EB79-C8B5A580816C}
		{3C2A6C1C-AF2A-32C4-AC9C-51F22061D419} = {48E74E0B-2E22-7C05-EB79-C8B5A580816C}
		{5599C883-1F4C-CACB-6FC8-70CDF11C376F} = {D4940822-8CCD-A00D-B363-AA1F29BDEDF4}
		{ED1227B9-A8A6-381C-6E04-3E37305146F8} = {5599C883-1F4C-CACB-6FC8-70CDF11C376F}
		{01206773-800B-5D70-4599-828BFCA70ECE} = {5599C883-1F4C-CACB-6FC8-70CDF11C376F}
		{EA4EF2DD-D2D9-2BFE-5FA9-024A70F437A8} = {5599C883-1F4C-CACB-6FC8-70CDF11C376F}
		{B397A14C-0933-EF3F-ECAC-7D2ECF7ECD45} = {D4940822-8CCD-A00D-B363-AA1F29BDEDF4}
		{D8D720EE-7532-1101-5638-B5C30C7CE003} = {B397A14C-0933-EF3F-ECAC-7D2ECF7ECD45}
		{EC238AE3-AFFB-AED8-C24B-DF5F8784F212} = {B397A14C-0933-EF3F-ECAC-7D2ECF7ECD45}
		{A1DE6EEF-F5BD-0ED2-988F-AFE4DA0165CD} = {EC238AE3-AFFB-AED8-C24B-DF5F8784F212}
		{F378DF89-611A-401B-16DC-F2DCF7657B06} = {B397A14C-0933-EF3F-ECAC-7D2ECF7ECD45}
		{4DB1B534-B3EB-0349-517B-2F99C5CA1F47} = {F378DF89-611A-401B-16DC-F2DCF7657B06}
		{C12A8FE4-4208-FAFA-BF18-0D39CCB89195} = {F378DF89-611A-401B-16DC-F2DCF7657B06}
		{46264388-CDD1-96F1-58BA-2F58F106345A} = {F378DF89-611A-401B-16DC-F2DCF7657B06}
		{2F76358E-0361-6807-5E8B-AA502E301ABC} = {F378DF89-611A-401B-16DC-F2DCF7657B06}
		{9D212DC9-7AAE-F902-C394-804FC855802D} = {F378DF89-611A-401B-16DC-F2DCF7657B06}
		{94E7BCC7-4EB0-D9AF-9F88-6A75A51FD46E} = {F378DF89-611A-401B-16DC-F2DCF7657B06}
		{7D0501E2-3A81-4E37-DF19-206E2B028247} = {F378DF89-611A-401B-16DC-F2DCF7657B06}
		{65AC27F7-F225-8E18-7492-59A326F508C1} = {F378DF89-611A-401B-16DC-F2DCF7657B06}
		{3668682F-B246-F9DB-D7F9-E9A1AF05D2E6} = {F378DF89-611A-401B-16DC-F2DCF7657B06}
		{A97DD9B8-444E-CF74-EFB1-DE5DABFBE748} = {F378DF89-611A-401B-16DC-F2DCF7657B06}
		{1F5D954A-0A1F-51D8-94ED-7094D4366430} = {F378DF89-611A-401B-16DC-F2DCF7657B06}
		{1FA0D591-1027-F942-987F-1ACB463EE64D} = {B397A14C-0933-EF3F-ECAC-7D2ECF7ECD45}
		{46812382-B45A-FC72-1505-1D1F816E4491} = {1FA0D591-1027-F942-987F-1ACB463EE64D}
		{556C244A-9A6E-A0EB-CD2D-B08143A2A47F} = {1FA0D591-1027-F942-987F-1ACB463EE64D}
		{144B0794-7715-D599-2A44-AD3F9607FF45} = {1FA0D591-1027-F942-987F-1ACB463EE64D}
		{F6B2DF57-23BB-E939-F775-484FC1896D6A} = {1FA0D591-1027-F942-987F-1ACB463EE64D}
		{8133E651-62A4-7245-2CE8-A2A13A0FCDAC} = {1FA0D591-1027-F942-987F-1ACB463EE64D}
		{67DB050B-0EC3-6168-AAC3-9CE51B354942} = {1FA0D591-1027-F942-987F-1ACB463EE64D}
		{4660940D-002A-E290-B48E-C3D6094524EB} = {1FA0D591-1027-F942-987F-1ACB463EE64D}
		{B26093D1-F861-4847-DD1D-2A6F5360F642} = {1FA0D591-1027-F942-987F-1ACB463EE64D}
		{E294CD73-1492-DFCD-0210-F3CEA9875C0C} = {1FA0D591-1027-F942-987F-1ACB463EE64D}
		{0F37EDD0-E5C2-3F94-0E85-F4B8DFE4FBB1} = {1FA0D591-1027-F942-987F-1ACB463EE64D}
		{17F31842-8E0A-20EE-4D89-13B4815CC5B2} = {1FA0D591-1027-F942-987F-1ACB463EE64D}
		{BD164D2C-0A31-53D4-F68B-052E0C23DE13} = {1FA0D591-1027-F942-987F-1ACB463EE64D}
		{D3EAD577-B1B2-8C77-31DE-31E4A788472E} = {1FA0D591-1027-F942-987F-1ACB463EE64D}
		{A18BBC4C-A2B2-ADDF-79B3-3AE81D932422} = {1FA0D591-1027-F942-987F-1ACB463EE64D}
		{27F6921C-2B7B-03F6-B65F-C3175FB9B8B2} = {1FA0D591-1027-F942-987F-1ACB463EE64D}
		{B9296F18-A683-3F34-BC0F-D0CA52EE72E5} = {1FA0D591-1027-F942-987F-1ACB463EE64D}
		{D107B287-B9E0-BE67-A862-67DC60C9337D} = {1FA0D591-1027-F942-987F-1ACB463EE64D}
		{28FE50B3-2F6B-DE68-4DDC-E1B22EC5CD22} = {1FA0D591-1027-F942-987F-1ACB463EE64D}
		{92C25E9D-FC52-7D55-341F-145E7BC96B2C} = {1FA0D591-1027-F942-987F-1ACB463EE64D}
		{AE301C1A-9A0A-F412-016D-472577CF989A} = {1FA0D591-1027-F942-987F-1ACB463EE64D}
		{A2BED2A5-635F-E711-B7A6-135FF7A15321} = {1FA0D591-1027-F942-987F-1ACB463EE64D}
		{4ADB6CDD-3A5F-5792-07D4-0AE0206E2669} = {1FA0D591-1027-F942-987F-1ACB463EE64D}
		{1890FE41-678A-692D-6C5C-C62C26CD8646} = {B397A14C-0933-EF3F-ECAC-7D2ECF7ECD45}
		{1E812049-9F52-7900-25CB-10E9124E9C01} = {1890FE41-678A-692D-6C5C-C62C26CD8646}
		{16EB5B77-2C98-554F-B872-AA789A919E12} = {1890FE41-678A-692D-6C5C-C62C26CD8646}
		{0A524A58-C027-392E-E567-4FC0FFA1C0BD} = {B397A14C-0933-EF3F-ECAC-7D2ECF7ECD45}
		{7BB78C59-ABCB-722A-851B-712C9635C479} = {0A524A58-C027-392E-E567-4FC0FFA1C0BD}
		{01A6CD38-2086-AF16-C32A-C62C800E979B} = {0A524A58-C027-392E-E567-4FC0FFA1C0BD}
		{DFFE03D8-40F3-600B-55D3-EF1AECBFC3AF} = {B397A14C-0933-EF3F-ECAC-7D2ECF7ECD45}
		{33390F2A-CDFF-A211-3B76-CB20C4787DE1} = {DFFE03D8-40F3-600B-55D3-EF1AECBFC3AF}
		{04559A9A-AB18-46A2-B98A-69DD8D95D0A9} = {B397A14C-0933-EF3F-ECAC-7D2ECF7ECD45}
		{BE52BCA8-2CD8-EAFA-F851-16CC95AC2210} = {04559A9A-AB18-46A2-B98A-69DD8D95D0A9}
		{A0911DEC-7497-320D-C2E8-665B28B5D359} = {04559A9A-AB18-46A2-B98A-69DD8D95D0A9}
		{DBC1A443-9A50-B48F-ABCD-8415F6656C5F} = {04559A9A-AB18-46A2-B98A-69DD8D95D0A9}
		{084500CE-CCC2-C721-A4B5-E736DDDEA96C} = {04559A9A-AB18-46A2-B98A-69DD8D95D0A9}
		{3D958113-ACF5-5EAA-B1AC-8DF143B01C0F} = {B397A14C-0933-EF3F-ECAC-7D2ECF7ECD45}
		{E1960A30-9256-FEFF-209A-3E459FE4E3B8} = {3D958113-ACF5-5EAA-B1AC-8DF143B01C0F}
		{814A60A4-5B4C-D365-05E4-ED444E355953} = {3D958113-ACF5-5EAA-B1AC-8DF143B01C0F}
		{83C1ABC9-C985-7DA6-B164-E676EC58E5AC} = {3D958113-ACF5-5EAA-B1AC-8DF143B01C0F}
		{7A453536-A6B3-C484-629F-6657FAD98DDE} = {3D958113-ACF5-5EAA-B1AC-8DF143B01C0F}
		{F9C4674C-BDBC-B099-92FB-87565766F9E4} = {7A453536-A6B3-C484-629F-6657FAD98DDE}
		{6BD09A25-4994-8BC6-4ABF-77B6C8559272} = {7A453536-A6B3-C484-629F-6657FAD98DDE}
		{1F5E6793-F3D9-81F8-F465-1122428AAAB7} = {7A453536-A6B3-C484-629F-6657FAD98DDE}
		{8117403C-FBEC-8672-FD59-11BC23D3BD19} = {3D958113-ACF5-5EAA-B1AC-8DF143B01C0F}
		{46960FB9-8709-0AE0-C01D-75D5B4BA84B5} = {8117403C-FBEC-8672-FD59-11BC23D3BD19}
		{4D7E4C74-8B98-C728-E11C-2035CCF31A7F} = {8117403C-FBEC-8672-FD59-11BC23D3BD19}
		{9D4A259D-1FED-5DBB-6921-267EFCA1D422} = {8117403C-FBEC-8672-FD59-11BC23D3BD19}
		{6C74F5E9-0FE9-52AA-4D21-225024AF4D78} = {3D958113-ACF5-5EAA-B1AC-8DF143B01C0F}
		{E1443C66-38F9-5D80-FA9C-9448FEE205CA} = {6C74F5E9-0FE9-52AA-4D21-225024AF4D78}
		{255121A8-E2CA-AD80-2DC2-8837CC065CB2} = {6C74F5E9-0FE9-52AA-4D21-225024AF4D78}
		{D0C99B7A-BFD7-6314-D5DF-0B864EE8E333} = {3D958113-ACF5-5EAA-B1AC-8DF143B01C0F}
		{62AB85FD-A87C-1659-3AAB-51E3F0536FD3} = {D0C99B7A-BFD7-6314-D5DF-0B864EE8E333}
		{F93DB3B8-EBF0-7396-15BA-16CA2BBA763A} = {D0C99B7A-BFD7-6314-D5DF-0B864EE8E333}
		{C929C970-1FC0-77A8-3174-9F00A1EA69BE} = {D0C99B7A-BFD7-6314-D5DF-0B864EE8E333}
		{52B1B263-7554-4AF3-0559-D56CA6ED86F9} = {3D958113-ACF5-5EAA-B1AC-8DF143B01C0F}
		{58219256-13EB-5AAE-1108-480B3DC1CF65} = {52B1B263-7554-4AF3-0559-D56CA6ED86F9}
		{D1253054-10F2-6415-5F50-A7DA4C4D7964} = {52B1B263-7554-4AF3-0559-D56CA6ED86F9}
		{742863FA-E7E8-C4CD-DBBD-76B7C80B953B} = {52B1B263-7554-4AF3-0559-D56CA6ED86F9}
		{C6BCF41E-BC56-B1BD-1F45-9715E7EFF280} = {3D958113-ACF5-5EAA-B1AC-8DF143B01C0F}
		{D3E8DEC9-AFAF-00BA-70D0-1AE81F6CEB8C} = {C6BCF41E-BC56-B1BD-1F45-9715E7EFF280}
		{42FE4652-09BF-9F02-C2A7-D2092219B5F1} = {3D958113-ACF5-5EAA-B1AC-8DF143B01C0F}
		{28A639FE-A80B-EB78-33F5-6E24B458F240} = {42FE4652-09BF-9F02-C2A7-D2092219B5F1}
		{1D73E3AF-2185-D678-2F3A-53BC1F5CA3A5} = {42FE4652-09BF-9F02-C2A7-D2092219B5F1}
		{7FB6A942-4DAA-AAE2-8BBB-0D687D4A82D7} = {42FE4652-09BF-9F02-C2A7-D2092219B5F1}
		{D97C8803-BBCE-C19C-7540-3E603A98D08D} = {3D958113-ACF5-5EAA-B1AC-8DF143B01C0F}
		{61193623-4DE6-8C16-100B-F0961FD63C29} = {D97C8803-BBCE-C19C-7540-3E603A98D08D}
		{E911FA80-CE77-6D79-D965-F039B6A384C5} = {D97C8803-BBCE-C19C-7540-3E603A98D08D}
		{3C9FCFA9-A547-1F44-C054-0A6FF412339B} = {D97C8803-BBCE-C19C-7540-3E603A98D08D}
		{D9F1652C-F315-569D-5133-FF7FD7974DE2} = {D97C8803-BBCE-C19C-7540-3E603A98D08D}
		{36B868ED-87D2-48C7-3F38-31FE40F8327E} = {D97C8803-BBCE-C19C-7540-3E603A98D08D}
		{BE55E71D-E7C3-9B1E-296E-2D690B49FCF8} = {D97C8803-BBCE-C19C-7540-3E603A98D08D}
		{6EDC27D8-E96E-BA3E-A20F-7EB9F92AC97F} = {D97C8803-BBCE-C19C-7540-3E603A98D08D}
		{AF0B2E7D-37CC-41D8-B0DF-2BB83D4DB698} = {D97C8803-BBCE-C19C-7540-3E603A98D08D}
	EndGlobalSection
	GlobalSection(ExtensibilityGlobals) = postSolution
		SolutionGuid = {A6B163B0-D0CF-4514-A793-6B90D07A8885}
	EndGlobalSection
EndGlobal
