<Solution>
  <Configurations>
    <BuildType Name="Debug" />
    <BuildType Name="Publish" />
    <BuildType Name="Release" />
  </Configurations>
  <Folder Name="/Samples/">
    <File Path="samples/README.md" />
  </Folder>
  <Folder Name="/Samples/A2AClientServer/">
    <File Path="samples/A2AClientServer/README.md" />
    <Project Path="samples/A2AClientServer/A2AClient/A2AClient.csproj" />
    <Project Path="samples/A2AClientServer/A2AServer/A2AServer.csproj" />
  </Folder>
  <Folder Name="/Samples/AgentWebChat/">
    <Project Path="samples/AgentWebChat/AgentWebChat.AgentHost/AgentWebChat.AgentHost.csproj" />
    <Project Path="samples/AgentWebChat/AgentWebChat.AppHost/AgentWebChat.AppHost.csproj" />
    <Project Path="samples/AgentWebChat/AgentWebChat.ServiceDefaults/AgentWebChat.ServiceDefaults.csproj" />
    <Project Path="samples/AgentWebChat/AgentWebChat.Web/AgentWebChat.Web.csproj" />
  </Folder>
  <Folder Name="/Samples/AGUIClientServer/">
    <Project Path="samples/AGUIClientServer/AGUIClient/AGUIClient.csproj" />
    <Project Path="samples/AGUIClientServer/AGUIDojoServer/AGUIDojoServer.csproj" />
    <Project Path="samples/AGUIClientServer/AGUIServer/AGUIServer.csproj" />
  </Folder>
  <Folder Name="/Samples/AzureFunctions/">
    <File Path="samples/AzureFunctions/.editorconfig" />
    <File Path="samples/AzureFunctions/README.md" />
    <Project Path="samples/AzureFunctions/01_SingleAgent/01_SingleAgent.csproj" />
    <Project Path="samples/AzureFunctions/02_AgentOrchestration_Chaining/02_AgentOrchestration_Chaining.csproj" />
    <Project Path="samples/AzureFunctions/03_AgentOrchestration_Concurrency/03_AgentOrchestration_Concurrency.csproj" />
    <Project Path="samples/AzureFunctions/04_AgentOrchestration_Conditionals/04_AgentOrchestration_Conditionals.csproj" />
    <Project Path="samples/AzureFunctions/05_AgentOrchestration_HITL/05_AgentOrchestration_HITL.csproj" />
    <Project Path="samples/AzureFunctions/06_LongRunningTools/06_LongRunningTools.csproj" />
    <Project Path="samples/AzureFunctions/07_AgentAsMcpTool/07_AgentAsMcpTool.csproj" />
  </Folder>
  <Folder Name="/Samples/GettingStarted/">
    <File Path="samples/GettingStarted/README.md" />
  </Folder>
  <Folder Name="/Samples/GettingStarted/A2A/">
    <File Path="samples/GettingStarted/A2A/README.md" />
    <Project Path="samples/GettingStarted/A2A/A2AAgent_AsFunctionTools/A2AAgent_AsFunctionTools.csproj" />
  </Folder>
  <Folder Name="/Samples/GettingStarted/AgentProviders/">
    <File Path="samples/GettingStarted/AgentProviders/README.md" />
    <Project Path="samples/GettingStarted/AgentProviders/Agent_With_A2A/Agent_With_A2A.csproj" />
    <Project Path="samples/GettingStarted/AgentProviders/Agent_With_AzureFoundryAgent/Agent_With_AzureFoundryAgent.csproj" />
    <Project Path="samples/GettingStarted/AgentProviders/Agent_With_AzureFoundryModel/Agent_With_AzureFoundryModel.csproj" />
    <Project Path="samples/GettingStarted/AgentProviders/Agent_With_AzureOpenAIChatCompletion/Agent_With_AzureOpenAIChatCompletion.csproj" />
    <Project Path="samples/GettingStarted/AgentProviders/Agent_With_AzureOpenAIResponses/Agent_With_AzureOpenAIResponses.csproj" />
    <Project Path="samples/GettingStarted/AgentProviders/Agent_With_CustomImplementation/Agent_With_CustomImplementation.csproj" />
    <Project Path="samples/GettingStarted/AgentProviders/Agent_With_Ollama/Agent_With_Ollama.csproj" />
    <Project Path="samples/GettingStarted/AgentProviders/Agent_With_ONNX/Agent_With_ONNX.csproj" />
    <Project Path="samples/GettingStarted/AgentProviders/Agent_With_OpenAIAssistants/Agent_With_OpenAIAssistants.csproj" />
    <Project Path="samples/GettingStarted/AgentProviders/Agent_With_OpenAIChatCompletion/Agent_With_OpenAIChatCompletion.csproj" />
    <Project Path="samples/GettingStarted/AgentProviders/Agent_With_OpenAIResponses/Agent_With_OpenAIResponses.csproj" />
  </Folder>
  <Folder Name="/Samples/GettingStarted/Agents/">
    <File Path="samples/GettingStarted/Agents/README.md" />
    <Project Path="samples/GettingStarted/Agents/Agent_Step01_Running/Agent_Step01_Running.csproj" />
    <Project Path="samples/GettingStarted/Agents/Agent_Step02_MultiturnConversation/Agent_Step02_MultiturnConversation.csproj" />
    <Project Path="samples/GettingStarted/Agents/Agent_Step03_UsingFunctionTools/Agent_Step03_UsingFunctionTools.csproj" />
    <Project Path="samples/GettingStarted/Agents/Agent_Step04_UsingFunctionToolsWithApprovals/Agent_Step04_UsingFunctionToolsWithApprovals.csproj" />
    <Project Path="samples/GettingStarted/Agents/Agent_Step05_StructuredOutput/Agent_Step05_StructuredOutput.csproj" />
    <Project Path="samples/GettingStarted/Agents/Agent_Step06_PersistedConversations/Agent_Step06_PersistedConversations.csproj" />
    <Project Path="samples/GettingStarted/Agents/Agent_Step07_3rdPartyThreadStorage/Agent_Step07_3rdPartyThreadStorage.csproj" />
    <Project Path="samples/GettingStarted/Agents/Agent_Step08_Observability/Agent_Step08_Observability.csproj" />
    <Project Path="samples/GettingStarted/Agents/Agent_Step09_DependencyInjection/Agent_Step09_DependencyInjection.csproj" />
    <Project Path="samples/GettingStarted/Agents/Agent_Step10_AsMcpTool/Agent_Step10_AsMcpTool.csproj" />
    <Project Path="samples/GettingStarted/Agents/Agent_Step11_UsingImages/Agent_Step11_UsingImages.csproj" />
    <Project Path="samples/GettingStarted/Agents/Agent_Step12_AsFunctionTool/Agent_Step12_AsFunctionTool.csproj" />
    <Project Path="samples/GettingStarted/Agents/Agent_Step13_BackgroundResponsesWithToolsAndPersistence/Agent_Step13_BackgroundResponsesWithToolsAndPersistence.csproj" />
    <Project Path="samples/GettingStarted/Agents/Agent_Step14_Middleware/Agent_Step14_Middleware.csproj" />
    <Project Path="samples/GettingStarted/Agents/Agent_Step15_Plugins/Agent_Step15_Plugins.csproj" />
    <Project Path="samples/GettingStarted/Agents/Agent_Step16_ChatReduction/Agent_Step16_ChatReduction.csproj" />
    <Project Path="samples/GettingStarted/Agents/Agent_Step17_BackgroundResponses/Agent_Step17_BackgroundResponses.csproj" />
    <Project Path="samples/GettingStarted/Agents/Agent_Step18_DeepResearch/Agent_Step18_DeepResearch.csproj" />
  </Folder>
  <Folder Name="/Samples/GettingStarted/DevUI/">
    <File Path="samples/GettingStarted/DevUI/README.md" />
    <Project Path="samples/GettingStarted/DevUI/DevUI_Step01_BasicUsage/DevUI_Step01_BasicUsage.csproj" />
  </Folder>
  <Folder Name="/Samples/GettingStarted/AgentWithMemory/">
    <File Path="samples/GettingStarted/AgentWithMemory/README.md" />
    <Project Path="samples/GettingStarted/AgentWithMemory/AgentWithMemory_Step01_ChatHistoryMemory/AgentWithMemory_Step01_ChatHistoryMemory.csproj" />
    <Project Path="samples/GettingStarted/AgentWithMemory/AgentWithMemory_Step02_MemoryUsingMem0/AgentWithMemory_Step02_MemoryUsingMem0.csproj" />
    <Project Path="samples/GettingStarted/AgentWithMemory/AgentWithMemory_Step03_CustomMemory/AgentWithMemory_Step03_CustomMemory.csproj" />
  </Folder>
  <Folder Name="/Samples/GettingStarted/AgentWithOpenAI/">
    <File Path="samples/GettingStarted/AgentWithOpenAI/README.md" />
    <Project Path="samples/GettingStarted/AgentWithOpenAI/Agent_OpenAI_Step01_Running/Agent_OpenAI_Step01_Running.csproj" />
    <Project Path="samples/GettingStarted/AgentWithOpenAI/Agent_OpenAI_Step02_Reasoning/Agent_OpenAI_Step02_Reasoning.csproj" />
  </Folder>
  <Folder Name="/Samples/GettingStarted/AgentWithRAG/">
    <File Path="samples/GettingStarted/AgentWithRAG/README.md" />
    <Project Path="samples/GettingStarted/AgentWithRAG/AgentWithRAG_Step01_BasicTextRAG/AgentWithRAG_Step01_BasicTextRAG.csproj" />
    <Project Path="samples/GettingStarted/AgentWithRAG/AgentWithRAG_Step02_CustomVectorStoreRAG/AgentWithRAG_Step02_CustomVectorStoreRAG.csproj" />
    <Project Path="samples/GettingStarted/AgentWithRAG/AgentWithRAG_Step03_CustomRAGDataSource/AgentWithRAG_Step03_CustomRAGDataSource.csproj" />
  </Folder>
  <Folder Name="/Samples/GettingStarted/ModelContextProtocol/">
    <File Path="samples/GettingStarted/ModelContextProtocol/README.md" />
    <Project Path="samples/GettingStarted/ModelContextProtocol/Agent_MCP_Server/Agent_MCP_Server.csproj" />
    <Project Path="samples/GettingStarted/ModelContextProtocol/Agent_MCP_Server_Auth/Agent_MCP_Server_Auth.csproj" />
    <Project Path="samples/GettingStarted/ModelContextProtocol/FoundryAgent_Hosted_MCP/FoundryAgent_Hosted_MCP.csproj" />
    <Project Path="samples/GettingStarted/ModelContextProtocol/ResponseAgent_Hosted_MCP/ResponseAgent_Hosted_MCP.csproj" />
  </Folder>
  <Folder Name="/Samples/GettingStarted/Observability/">
    <Project Path="samples/GettingStarted/AgentOpenTelemetry/AgentOpenTelemetry.csproj" />
  </Folder>
  <Folder Name="/Samples/GettingStarted/Workflows/">
    <File Path="samples/GettingStarted/Workflows/README.md" />
  </Folder>
  <Folder Name="/Samples/GettingStarted/Workflows/Concurrent/">
    <Project Path="samples/GettingStarted/Workflows/Concurrent/Concurrent/Concurrent.csproj" />
    <Project Path="samples/GettingStarted/Workflows/Concurrent/MapReduce/MapReduce.csproj" />
  </Folder>
  <Folder Name="/Samples/GettingStarted/Workflows/ConditionalEdges/">
    <Project Path="samples/GettingStarted/Workflows/ConditionalEdges/01_EdgeCondition/01_EdgeCondition.csproj" />
    <Project Path="samples/GettingStarted/Workflows/ConditionalEdges/02_SwitchCase/02_SwitchCase.csproj" />
    <Project Path="samples/GettingStarted/Workflows/ConditionalEdges/03_MultiSelection/03_MultiSelection.csproj" />
  </Folder>
  <Folder Name="/Samples/GettingStarted/Workflows/Declarative/">
    <File Path="samples/GettingStarted/Workflows/Declarative/README.md" />
    <Project Path="samples/GettingStarted/Workflows/Declarative/ExecuteCode/ExecuteCode.csproj" />
    <Project Path="samples/GettingStarted/Workflows/Declarative/ExecuteWorkflow/ExecuteWorkflow.csproj" />
    <Project Path="samples/GettingStarted/Workflows/Declarative/GenerateCode/GenerateCode.csproj" />
  </Folder>
  <Folder Name="/Samples/GettingStarted/Workflows/Declarative/Examples/">
    <File Path="../workflow-samples/DeepResearch.yaml" />
    <File Path="../workflow-samples/HumanInLoop.yaml" />
    <File Path="../workflow-samples/Marketing.yaml" />
    <File Path="../workflow-samples/MathChat.yaml" />
    <File Path="../workflow-samples/README.md" />
    <File Path="../workflow-samples/wttr.json" />
  </Folder>
  <Folder Name="/Samples/GettingStarted/Workflows/SharedStates/">
    <Project Path="samples/GettingStarted/Workflows/SharedStates/SharedStates.csproj" />
  </Folder>
  <Folder Name="/Samples/GettingStarted/Workflows/Loop/">
    <Project Path="samples/GettingStarted/Workflows/Loop/Loop.csproj" />
  </Folder>
  <Folder Name="/Samples/GettingStarted/Workflows/Agents/">
    <Project Path="samples/GettingStarted/Workflows/Agents/CustomAgentExecutors/CustomAgentExecutors.csproj" />
    <Project Path="samples/GettingStarted/Workflows/Agents/FoundryAgent/FoundryAgent.csproj" />
    <Project Path="samples/GettingStarted/Workflows/Agents/WorkflowAsAnAgent/WorkflowAsAnAgent.csproj" />
  </Folder>
  <Folder Name="/Samples/GettingStarted/Workflows/Checkpoint/">
    <Project Path="samples/GettingStarted/Workflows/Checkpoint/CheckpointAndRehydrate/CheckpointAndRehydrate.csproj" />
    <Project Path="samples/GettingStarted/Workflows/Checkpoint/CheckpointAndResume/CheckpointAndResume.csproj" />
    <Project Path="samples/GettingStarted/Workflows/Checkpoint/CheckpointWithHumanInTheLoop/CheckpointWithHumanInTheLoop.csproj" />
  </Folder>
  <Folder Name="/Samples/GettingStarted/Workflows/HumanInTheLoop/">
    <Project Path="samples/GettingStarted/Workflows/HumanInTheLoop/HumanInTheLoopBasic/HumanInTheLoopBasic.csproj" />
  </Folder>
  <Folder Name="/Samples/GettingStarted/Workflows/Observability/">
    <Project Path="samples/GettingStarted/Workflows/Observability/ApplicationInsights/ApplicationInsights.csproj" />
    <Project Path="samples/GettingStarted/Workflows/Observability/AspireDashboard/AspireDashboard.csproj" />
    <Project Path="samples/GettingStarted/Workflows/Observability/WorkflowAsAnAgent/WorkflowAsAnAgentObservability.csproj" />
  </Folder>
  <Folder Name="/Samples/GettingStarted/Workflows/Visualization/">
    <Project Path="samples/GettingStarted/Workflows/Visualization/Visualization.csproj" Id="99bf0bc6-2440-428e-b3e7-d880e4b7a5fd" />
  </Folder>
  <Folder Name="/Samples/GettingStarted/Workflows/_Foundational/">
    <Project Path="samples/GettingStarted/Workflows/_Foundational/01_ExecutorsAndEdges/01_ExecutorsAndEdges.csproj" />
    <Project Path="samples/GettingStarted/Workflows/_Foundational/02_Streaming/02_Streaming.csproj" />
    <Project Path="samples/GettingStarted/Workflows/_Foundational/03_AgentsInWorkflows/03_AgentsInWorkflows.csproj" />
    <Project Path="samples/GettingStarted/Workflows/_Foundational/04_AgentWorkflowPatterns/04_AgentWorkflowPatterns.csproj" />
    <Project Path="samples/GettingStarted/Workflows/_Foundational/05_MultiModelService/05_MultiModelService.csproj" />
    <Project Path="samples/GettingStarted/Workflows/_Foundational/06_SubWorkflows/06_SubWorkflows.csproj" />
    <Project Path="samples/GettingStarted/Workflows/_Foundational/07_MixedWorkflowAgentsAndExecutors/07_MixedWorkflowAgentsAndExecutors.csproj" />
    <Project Path="samples/GettingStarted/Workflows/_Foundational/08_WriterCriticWorkflow/08_WriterCriticWorkflow.csproj" />
  </Folder>
  <Folder Name="/Samples/HostedAgents/">
    <Project Path="samples/HostedAgents/AgentsInWorkflows/AgentsInWorkflows.csproj" />
    <Project Path="samples/HostedAgents/AgentWithTextSearchRag/AgentWithTextSearchRag.csproj" />
    <Project Path="samples/HostedAgents/AgentWithHostedMCP/AgentWithHostedMCP.csproj" />
  </Folder>
  <Folder Name="/Solution Items/">
    <File Path=".editorconfig" />
    <File Path=".gitignore" />
    <File Path="Directory.Build.props" />
    <File Path="Directory.Build.targets" />
    <File Path="Directory.Packages.props" />
    <File Path="global.json" />
    <File Path="nuget.config" />
  </Folder>
  <Folder Name="/Solution Items/.github/" />
  <Folder Name="/Solution Items/.github/upgrades/" />
  <Folder Name="/Solution Items/.github/upgrades/prompts/">
    <File Path="../.github/upgrades/prompts/SemanticKernelToAgentFramework.md" />
  </Folder>
  <Folder Name="/Solution Items/.github/workflows/">
    <File Path="../.github/workflows/dotnet-build-and-test.yml" />
    <File Path="../.github/workflows/dotnet-check-coverage.ps1" />
    <File Path="../.github/workflows/dotnet-format.yml" />
  </Folder>
  <Folder Name="/Solution Items/demos/">
    <File Path="demos/.editorconfig" />
    <File Path="demos/Directory.Build.props" />
  </Folder>
  <Folder Name="/Solution Items/docs/" />
  <Folder Name="/Solution Items/docs/decisions/">
    <File Path="../docs/decisions/0001-agent-run-response.md" />
    <File Path="../docs/decisions/0002-agent-tools.md" />
    <File Path="../docs/decisions/0003-agent-opentelemetry-instrumentation.md" />
    <File Path="../docs/decisions/0004-foundry-sdk-extensions.md" />
    <File Path="../docs/decisions/0005-python-naming-conventions.md" />
    <File Path="../docs/decisions/0006-userapproval.md" />
    <File Path="../docs/decisions/0007-agent-filtering-middleware.md" />
    <File Path="../docs/decisions/0008-python-subpackages.md" />
    <File Path="../docs/decisions/0009-support-long-running-operations.md" />
    <File Path="../docs/decisions/adr-short-template.md" />
    <File Path="../docs/decisions/adr-template.md" />
    <File Path="../docs/decisions/README.md" />
  </Folder>
  <Folder Name="/Solution Items/eng/" />
  <Folder Name="/Solution Items/eng/MSBuild/">
    <File Path="eng/MSBuild/LegacySupport.props" />
    <File Path="eng/MSBuild/Shared.props" />
    <File Path="eng/MSBuild/Shared.targets" />
  </Folder>
  <Folder Name="/Solution Items/nuget/">
    <File Path="nuget/icon.png" />
    <File Path="nuget/nuget-package.props" />
    <File Path="nuget/NUGET.md" />
  </Folder>
  <Folder Name="/Solution Items/samples/">
    <File Path="samples/.editorconfig" />
    <File Path="samples/Directory.Build.props" />
  </Folder>
  <Folder Name="/Solution Items/src/" />
  <Folder Name="/Solution Items/src/LegacySupport/">
    <File Path="src/LegacySupport/README.md" />
  </Folder>
  <Folder Name="/Solution Items/src/LegacySupport/CallerAttributes/">
    <File Path="src/LegacySupport/CallerAttributes/CallerArgumentExpressionAttribute.cs" />
    <File Path="src/LegacySupport/CallerAttributes/README.md" />
  </Folder>
  <Folder Name="/Solution Items/src/LegacySupport/CompilerFeatureRequiredAttribute/">
    <File Path="src/LegacySupport/CompilerFeatureRequiredAttribute/CompilerFeatureRequiredAttribute.cs" />
    <File Path="src/LegacySupport/CompilerFeatureRequiredAttribute/README.md" />
  </Folder>
  <Folder Name="/Solution Items/src/LegacySupport/DiagnosticAttributes/">
    <File Path="src/LegacySupport/DiagnosticAttributes/NullableAttributes.cs" />
    <File Path="src/LegacySupport/DiagnosticAttributes/README.md" />
  </Folder>
  <Folder Name="/Solution Items/src/LegacySupport/DiagnosticClasses/">
    <File Path="src/LegacySupport/DiagnosticClasses/README.md" />
    <File Path="src/LegacySupport/DiagnosticClasses/UnreachableException.cs" />
  </Folder>
  <Folder Name="/Solution Items/src/LegacySupport/ExperimentalAttribute/">
    <File Path="src/LegacySupport/ExperimentalAttribute/ExperimentalAttribute.cs" />
    <File Path="src/LegacySupport/ExperimentalAttribute/README.md" />
  </Folder>
  <Folder Name="/Solution Items/src/LegacySupport/IsExternalInit/">
    <File Path="src/LegacySupport/IsExternalInit/IsExternalInit.cs" />
    <File Path="src/LegacySupport/IsExternalInit/README.md" />
  </Folder>
  <Folder Name="/Solution Items/src/LegacySupport/RequiredMemberAttribute/">
    <File Path="src/LegacySupport/RequiredMemberAttribute/README.md" />
    <File Path="src/LegacySupport/RequiredMemberAttribute/RequiredMemberAttribute.cs" />
  </Folder>
  <Folder Name="/Solution Items/src/LegacySupport/TrimAttributes/">
    <File Path="src/LegacySupport/TrimAttributes/DynamicallyAccessedMembersAttribute.cs" />
    <File Path="src/LegacySupport/TrimAttributes/DynamicallyAccessedMemberTypes.cs" />
    <File Path="src/LegacySupport/TrimAttributes/README.md" />
    <File Path="src/LegacySupport/TrimAttributes/RequiresDynamicCodeAttribute.cs" />
    <File Path="src/LegacySupport/TrimAttributes/RequiresUnreferencedCodeAttribute.cs" />
    <File Path="src/LegacySupport/TrimAttributes/UnconditionalSuppressMessageAttribute.cs" />
  </Folder>
  <Folder Name="/Solution Items/src/Shared/" />
  <Folder Name="/Solution Items/src/Shared/Demos/">
    <File Path="src/Shared/Demos/README.md" />
    <File Path="src/Shared/Demos/SampleEnvironment.cs" />
  </Folder>
  <Folder Name="/Solution Items/src/Shared/IntegrationTests/">
    <File Path="src/Shared/IntegrationTests/AzureAIConfiguration.cs" />
    <File Path="src/Shared/IntegrationTests/Mem0Configuration.cs" />
    <File Path="src/Shared/IntegrationTests/OpenAIConfiguration.cs" />
    <File Path="src/Shared/IntegrationTests/README.md" />
  </Folder>
  <Folder Name="/Solution Items/src/Shared/Samples/">
    <File Path="src/Shared/Samples/BaseSample.cs" />
    <File Path="src/Shared/Samples/README.md" />
    <File Path="src/Shared/Samples/TestConfiguration.cs" />
    <File Path="src/Shared/Samples/TextOutputHelperExtensions.cs" />
    <File Path="src/Shared/Samples/XunitLogger.cs" />
  </Folder>
  <Folder Name="/Solution Items/src/Shared/Throw/">
    <File Path="src/Shared/Throw/README.md" />
    <File Path="src/Shared/Throw/Throw.cs" />
  </Folder>
  <Folder Name="/Solution Items/tests/">
    <File Path="tests/.editorconfig" />
    <File Path="tests/Directory.Build.props" />
  </Folder>
  <Folder Name="/src/">
    <Project Path="src/Microsoft.Agents.AI.A2A/Microsoft.Agents.AI.A2A.csproj" />
    <Project Path="src/Microsoft.Agents.AI.Abstractions/Microsoft.Agents.AI.Abstractions.csproj" />
    <Project Path="src/Microsoft.Agents.AI.AGUI/Microsoft.Agents.AI.AGUI.csproj" />
    <Project Path="src/Microsoft.Agents.AI.AzureAI.Persistent/Microsoft.Agents.AI.AzureAI.Persistent.csproj" />
    <Project Path="src/Microsoft.Agents.AI.CopilotStudio/Microsoft.Agents.AI.CopilotStudio.csproj" />
    <Project Path="src/Microsoft.Agents.AI.DevUI/Microsoft.Agents.AI.DevUI.csproj" />
    <Project Path="src/Microsoft.Agents.AI.DurableTask/Microsoft.Agents.AI.DurableTask.csproj" />
    <Project Path="src/Microsoft.Agents.AI.Hosting.A2A.AspNetCore/Microsoft.Agents.AI.Hosting.A2A.AspNetCore.csproj" />
    <Project Path="src/Microsoft.Agents.AI.Hosting.A2A/Microsoft.Agents.AI.Hosting.A2A.csproj" />
    <Project Path="src/Microsoft.Agents.AI.Hosting.AGUI.AspNetCore/Microsoft.Agents.AI.Hosting.AGUI.AspNetCore.csproj" />
    <Project Path="src/Microsoft.Agents.AI.Hosting.AzureFunctions/Microsoft.Agents.AI.Hosting.AzureFunctions.csproj" />
    <Project Path="src/Microsoft.Agents.AI.Hosting.OpenAI/Microsoft.Agents.AI.Hosting.OpenAI.csproj" />
    <Project Path="src/Microsoft.Agents.AI.Hosting/Microsoft.Agents.AI.Hosting.csproj" />
    <Project Path="src/Microsoft.Agents.AI.Mem0/Microsoft.Agents.AI.Mem0.csproj" />
    <Project Path="src/Microsoft.Agents.AI.OpenAI/Microsoft.Agents.AI.OpenAI.csproj" />
    <Project Path="src/Microsoft.Agents.AI.Workflows.Declarative/Microsoft.Agents.AI.Workflows.Declarative.csproj" />
    <Project Path="src/Microsoft.Agents.AI.Workflows/Microsoft.Agents.AI.Workflows.csproj" />
    <Project Path="src/Microsoft.Agents.AI/Microsoft.Agents.AI.csproj" />
  </Folder>
  <Folder Name="/Tests/" />
  <Folder Name="/Tests/IntegrationTests/">
    <Project Path="tests/AgentConformance.IntegrationTests/AgentConformance.IntegrationTests.csproj" />
    <Project Path="tests/AzureAIAgentsPersistent.IntegrationTests/AzureAIAgentsPersistent.IntegrationTests.csproj" />
    <Project Path="tests/CopilotStudio.IntegrationTests/CopilotStudio.IntegrationTests.csproj" />
    <Project Path="tests/Microsoft.Agents.AI.DurableTask.IntegrationTests/Microsoft.Agents.AI.DurableTask.IntegrationTests.csproj" />
    <Project Path="tests/Microsoft.Agents.AI.Hosting.AGUI.AspNetCore.IntegrationTests/Microsoft.Agents.AI.Hosting.AGUI.AspNetCore.IntegrationTests.csproj" />
    <Project Path="tests/Microsoft.Agents.AI.Hosting.AzureFunctions.IntegrationTests/Microsoft.Agents.AI.Hosting.AzureFunctions.IntegrationTests.csproj" />
    <Project Path="tests/Microsoft.Agents.AI.Mem0.IntegrationTests/Microsoft.Agents.AI.Mem0.IntegrationTests.csproj" />
    <Project Path="tests/Microsoft.Agents.AI.Workflows.Declarative.IntegrationTests/Microsoft.Agents.AI.Workflows.Declarative.IntegrationTests.csproj" />
    <Project Path="tests/OpenAIAssistant.IntegrationTests/OpenAIAssistant.IntegrationTests.csproj" />
    <Project Path="tests/OpenAIChatCompletion.IntegrationTests/OpenAIChatCompletion.IntegrationTests.csproj" />
    <Project Path="tests/OpenAIResponse.IntegrationTests/OpenAIResponse.IntegrationTests.csproj" />
  </Folder>
  <Folder Name="/Tests/UnitTests/">
    <Project Path="tests/Microsoft.Agents.AI.A2A.UnitTests/Microsoft.Agents.AI.A2A.UnitTests.csproj" />
    <Project Path="tests/Microsoft.Agents.AI.Abstractions.UnitTests/Microsoft.Agents.AI.Abstractions.UnitTests.csproj" />
    <Project Path="tests/Microsoft.Agents.AI.AGUI.UnitTests/Microsoft.Agents.AI.AGUI.UnitTests.csproj" />
    <Project Path="tests/Microsoft.Agents.AI.AzureAI.Persistent.UnitTests/Microsoft.Agents.AI.AzureAI.Persistent.UnitTests.csproj" />
    <Project Path="tests/Microsoft.Agents.AI.DurableTask.UnitTests/Microsoft.Agents.AI.DurableTask.UnitTests.csproj" />
    <Project Path="tests/Microsoft.Agents.AI.Hosting.A2A.UnitTests/Microsoft.Agents.AI.Hosting.A2A.UnitTests.csproj" />
    <Project Path="tests/Microsoft.Agents.AI.Hosting.AGUI.AspNetCore.UnitTests/Microsoft.Agents.AI.Hosting.AGUI.AspNetCore.UnitTests.csproj" />
    <Project Path="tests/Microsoft.Agents.AI.Hosting.AzureFunctions.UnitTests/Microsoft.Agents.AI.Hosting.AzureFunctions.UnitTests.csproj" />
    <Project Path="tests/Microsoft.Agents.AI.Hosting.OpenAI.UnitTests/Microsoft.Agents.AI.Hosting.OpenAI.UnitTests.csproj" />
    <Project Path="tests/Microsoft.Agents.AI.Hosting.UnitTests/Microsoft.Agents.AI.Hosting.UnitTests.csproj" />
    <Project Path="tests/Microsoft.Agents.AI.Mem0.UnitTests/Microsoft.Agents.AI.Mem0.UnitTests.csproj" />
    <Project Path="tests/Microsoft.Agents.AI.OpenAI.UnitTests/Microsoft.Agents.AI.OpenAI.UnitTests.csproj" />
    <Project Path="tests/Microsoft.Agents.AI.UnitTests/Microsoft.Agents.AI.UnitTests.csproj" />
    <Project Path="tests/Microsoft.Agents.AI.Workflows.Declarative.UnitTests/Microsoft.Agents.AI.Workflows.Declarative.UnitTests.csproj" />
    <Project Path="tests/Microsoft.Agents.AI.Workflows.UnitTests/Microsoft.Agents.AI.Workflows.UnitTests.csproj" />
  </Folder>
</Solution>
